// !$*UTF8*$!
{
	archiveVersion = 1;
	classes = {
	};
	objectVersion = 56;
	objects = {

/* Begin PBXBuildFile section */
		14E07DDD29FBDF5E0080FECA /* AppDelegate.swift in Sources */ = {isa = PBXBuildFile; fileRef = 14E07DDC29FBDF5E0080FECA /* AppDelegate.swift */; };
		14E07DDF29FBDF5E0080FECA /* SceneDelegate.swift in Sources */ = {isa = PBXBuildFile; fileRef = 14E07DDE29FBDF5E0080FECA /* SceneDelegate.swift */; };
		14E07DE129FBDF5E0080FECA /* ViewController.swift in Sources */ = {isa = PBXBuildFile; fileRef = 14E07DE029FBDF5E0080FECA /* ViewController.swift */; };
		14E07DE429FBDF5E0080FECA /* Main.storyboard in Resources */ = {isa = PBXBuildFile; fileRef = 14E07DE229FBDF5E0080FECA /* Main.storyboard */; };
		14E07DE629FBDF600080FECA /* Assets.xcassets in Resources */ = {isa = PBXBuildFile; fileRef = 14E07DE529FBDF600080FECA /* Assets.xcassets */; };
		14E07DE929FBDF600080FECA /* LaunchScreen.storyboard in Resources */ = {isa = PBXBuildFile; fileRef = 14E07DE729FBDF600080FECA /* LaunchScreen.storyboard */; };
		14E07DF229FBDF930080FECA /* Then in Frameworks */ = {isa = PBXBuildFile; productRef = 14E07DF129FBDF930080FECA /* Then */; };
		14E07DF529FBDFED0080FECA /* SnapKit in Frameworks */ = {isa = PBXBuildFile; productRef = 14E07DF429FBDFED0080FECA /* SnapKit */; };
		14E07DF729FBE3E40080FECA /* TimeViewController.swift in Sources */ = {isa = PBXBuildFile; fileRef = 14E07DF629FBE3E40080FECA /* TimeViewController.swift */; };
/* End PBXBuildFile section */

/* Begin PBXFileReference section */
		14E07DD929FBDF5E0080FECA /* AnimationStudy.app */ = {isa = PBXFileReference; explicitFileType = wrapper.application; includeInIndex = 0; path = AnimationStudy.app; sourceTree = BUILT_PRODUCTS_DIR; };
		14E07DDC29FBDF5E0080FECA /* AppDelegate.swift */ = {isa = PBXFileReference; lastKnownFileType = sourcecode.swift; path = AppDelegate.swift; sourceTree = "<group>"; };
		14E07DDE29FBDF5E0080FECA /* SceneDelegate.swift */ = {isa = PBXFileReference; lastKnownFileType = sourcecode.swift; path = SceneDelegate.swift; sourceTree = "<group>"; };
		14E07DE029FBDF5E0080FECA /* ViewController.swift */ = {isa = PBXFileReference; lastKnownFileType = sourcecode.swift; path = ViewController.swift; sourceTree = "<group>"; };
		14E07DE329FBDF5E0080FECA /* Base */ = {isa = PBXFileReference; lastKnownFileType = file.storyboard; name = Base; path = Base.lproj/Main.storyboard; sourceTree = "<group>"; };
		14E07DE529FBDF600080FECA /* Assets.xcassets */ = {isa = PBXFileReference; lastKnownFileType = folder.assetcatalog; path = Assets.xcassets; sourceTree = "<group>"; };
		14E07DE829FBDF600080FECA /* Base */ = {isa = PBXFileReference; lastKnownFileType = file.storyboard; name = Base; path = Base.lproj/LaunchScreen.storyboard; sourceTree = "<group>"; };
		14E07DEA29FBDF600080FECA /* Info.plist */ = {isa = PBXFileReference; lastKnownFileType = text.plist.xml; path = Info.plist; sourceTree = "<group>"; };
		14E07DF629FBE3E40080FECA /* TimeViewController.swift */ = {isa = PBXFileReference; lastKnownFileType = sourcecode.swift; path = TimeViewController.swift; sourceTree = "<group>"; };
/* End PBXFileReference section */

/* Begin PBXFrameworksBuildPhase section */
		14E07DD629FBDF5E0080FECA /* Frameworks */ = {
			isa = PBXFrameworksBuildPhase;
			buildActionMask = 2147483647;
			files = (
				14E07DF229FBDF930080FECA /* Then in Frameworks */,
				14E07DF529FBDFED0080FECA /* SnapKit in Frameworks */,
			);
			runOnlyForDeploymentPostprocessing = 0;
		};
/* End PBXFrameworksBuildPhase section */

/* Begin PBXGroup section */
		14E07DD029FBDF5D0080FECA = {
			isa = PBXGroup;
			children = (
				14E07DDB29FBDF5E0080FECA /* AnimationStudy */,
				14E07DDA29FBDF5E0080FECA /* Products */,
			);
			sourceTree = "<group>";
		};
		14E07DDA29FBDF5E0080FECA /* Products */ = {
			isa = PBXGroup;
			children = (
				14E07DD929FBDF5E0080FECA /* AnimationStudy.app */,
			);
			name = Products;
			sourceTree = "<group>";
		};
		14E07DDB29FBDF5E0080FECA /* AnimationStudy */ = {
			isa = PBXGroup;
			children = (
				14E07DDC29FBDF5E0080FECA /* AppDelegate.swift */,
				14E07DDE29FBDF5E0080FECA /* SceneDelegate.swift */,
				14E07DE029FBDF5E0080FECA /* ViewController.swift */,
				14E07DE229FBDF5E0080FECA /* Main.storyboard */,
				14E07DE529FBDF600080FECA /* Assets.xcassets */,
				14E07DE729FBDF600080FECA /* LaunchScreen.storyboard */,
				14E07DEA29FBDF600080FECA /* Info.plist */,
				14E07DF629FBE3E40080FECA /* TimeViewController.swift */,
			);
			path = AnimationStudy;
			sourceTree = "<group>";
		};
/* End PBXGroup section */

/* Begin PBXNativeTarget section */
		14E07DD829FBDF5E0080FECA /* AnimationStudy */ = {
			isa = PBXNativeTarget;
			buildConfigurationList = 14E07DED29FBDF600080FECA /* Build configuration list for PBXNativeTarget "AnimationStudy" */;
			buildPhases = (
				14E07DD529FBDF5E0080FECA /* Sources */,
				14E07DD629FBDF5E0080FECA /* Frameworks */,
				14E07DD729FBDF5E0080FECA /* Resources */,
			);
			buildRules = (
			);
			dependencies = (
			);
			name = AnimationStudy;
			packageProductDependencies = (
				14E07DF129FBDF930080FECA /* Then */,
				14E07DF429FBDFED0080FECA /* SnapKit */,
			);
			productName = AnimationStudy;
			productReference = 14E07DD929FBDF5E0080FECA /* AnimationStudy.app */;
			productType = "com.apple.product-type.application";
		};
/* End PBXNativeTarget section */

/* Begin PBXProject section */
		14E07DD129FBDF5D0080FECA /* Project object */ = {
			isa = PBXProject;
			attributes = {
				BuildIndependentTargetsInParallel = 1;
				LastSwiftUpdateCheck = 1420;
				LastUpgradeCheck = 1420;
				TargetAttributes = {
					14E07DD829FBDF5E0080FECA = {
						CreatedOnToolsVersion = 14.2;
					};
				};
			};
			buildConfigurationList = 14E07DD429FBDF5D0080FECA /* Build configuration list for PBXProject "AnimationStudy" */;
			compatibilityVersion = "Xcode 14.0";
			developmentRegion = en;
			hasScannedForEncodings = 0;
			knownRegions = (
				en,
				Base,
			);
			mainGroup = 14E07DD029FBDF5D0080FECA;
			packageReferences = (
				14E07DF029FBDF930080FECA /* XCRemoteSwiftPackageReference "Then" */,
				14E07DF329FBDFED0080FECA /* XCRemoteSwiftPackageReference "SnapKit" */,
			);
			productRefGroup = 14E07DDA29FBDF5E0080FECA /* Products */;
			projectDirPath = "";
			projectRoot = "";
			targets = (
				14E07DD829FBDF5E0080FECA /* AnimationStudy */,
			);
		};
/* End PBXProject section */

/* Begin PBXResourcesBuildPhase section */
		14E07DD729FBDF5E0080FECA /* Resources */ = {
			isa = PBXResourcesBuildPhase;
			buildActionMask = 2147483647;
			files = (
				14E07DE929FBDF600080FECA /* LaunchScreen.storyboard in Resources */,
				14E07DE629FBDF600080FECA /* Assets.xcassets in Resources */,
				14E07DE429FBDF5E0080FECA /* Main.storyboard in Resources */,
			);
			runOnlyForDeploymentPostprocessing = 0;
		};
/* End PBXResourcesBuildPhase section */

/* Begin PBXSourcesBuildPhase section */
		14E07DD529FBDF5E0080FECA /* Sources */ = {
			isa = PBXSourcesBuildPhase;
			buildActionMask = 2147483647;
			files = (
				14E07DE129FBDF5E0080FECA /* ViewController.swift in Sources */,
				14E07DF729FBE3E40080FECA /* TimeViewController.swift in Sources */,
				14E07DDD29FBDF5E0080FECA /* AppDelegate.swift in Sources */,
				14E07DDF29FBDF5E0080FECA /* SceneDelegate.swift in Sources */,
			);
			runOnlyForDeploymentPostprocessing = 0;
		};
/* End PBXSourcesBuildPhase section */

/* Begin PBXVariantGroup section */
		14E07DE229FBDF5E0080FECA /* Main.storyboard */ = {
			isa = PBXVariantGroup;
			children = (
				14E07DE329FBDF5E0080FECA /* Base */,
			);
			name = Main.storyboard;
			sourceTree = "<group>";
		};
		14E07DE729FBDF600080FECA /* LaunchScreen.storyboard */ = {
			isa = PBXVariantGroup;
			children = (
				14E07DE829FBDF600080FECA /* Base */,
			);
			name = LaunchScreen.storyboard;
			sourceTree = "<group>";
		};
/* End PBXVariantGroup section */

/* Begin XCBuildConfiguration section */
		14E07DEB29FBDF600080FECA /* Debug */ = {
			isa = XCBuildConfiguration;
			buildSettings = {
				ALWAYS_SEARCH_USER_PATHS = NO;
				CLANG_ANALYZER_NONNULL = YES;
				CLANG_ANALYZER_NUMBER_OBJECT_CONVERSION = YES_AGGRESSIVE;
				CLANG_CXX_LANGUAGE_STANDARD = "gnu++20";
				CLANG_ENABLE_MODULES = YES;
				CLANG_ENABLE_OBJC_ARC = YES;
				CLANG_ENABLE_OBJC_WEAK = YES;
				CLANG_WARN_BLOCK_CAPTURE_AUTORELEASING = YES;
				CLANG_WARN_BOOL_CONVERSION = YES;
				CLANG_WARN_COMMA = YES;
				CLANG_WARN_CONSTANT_CONVERSION = YES;
				CLANG_WARN_DEPRECATED_OBJC_IMPLEMENTATIONS = YES;
				CLANG_WARN_DIRECT_OBJC_ISA_USAGE = YES_ERROR;
				CLANG_WARN_DOCUMENTATION_COMMENTS = YES;
				CLANG_WARN_EMPTY_BODY = YES;
				CLANG_WARN_ENUM_CONVERSION = YES;
				CLANG_WARN_INFINITE_RECURSION = YES;
				CLANG_WARN_INT_CONVERSION = YES;
				CLANG_WARN_NON_LITERAL_NULL_CONVERSION = YES;
				CLANG_WARN_OBJC_IMPLICIT_RETAIN_SELF = YES;
				CLANG_WARN_OBJC_LITERAL_CONVERSION = YES;
				CLANG_WARN_OBJC_ROOT_CLASS = YES_ERROR;
				CLANG_WARN_QUOTED_INCLUDE_IN_FRAMEWORK_HEADER = YES;
				CLANG_WARN_RANGE_LOOP_ANALYSIS = YES;
				CLANG_WARN_STRICT_PROTOTYPES = YES;
				CLANG_WARN_SUSPICIOUS_MOVE = YES;
				CLANG_WARN_UNGUARDED_AVAILABILITY = YES_AGGRESSIVE;
				CLANG_WARN_UNREACHABLE_CODE = YES;
				CLANG_WARN__DUPLICATE_METHOD_MATCH = YES;
				COPY_PHASE_STRIP = NO;
				DEBUG_INFORMATION_FORMAT = dwarf;
				ENABLE_STRICT_OBJC_MSGSEND = YES;
				ENABLE_TESTABILITY = YES;
				GCC_C_LANGUAGE_STANDARD = gnu11;
				GCC_DYNAMIC_NO_PIC = NO;
				GCC_NO_COMMON_BLOCKS = YES;
				GCC_OPTIMIZATION_LEVEL = 0;
				GCC_PREPROCESSOR_DEFINITIONS = (
					"DEBUG=1",
					"$(inherited)",
				);
				GCC_WARN_64_TO_32_BIT_CONVERSION = YES;
				GCC_WARN_ABOUT_RETURN_TYPE = YES_ERROR;
				GCC_WARN_UNDECLARED_SELECTOR = YES;
				GCC_WARN_UNINITIALIZED_AUTOS = YES_AGGRESSIVE;
				GCC_WARN_UNUSED_FUNCTION = YES;
				GCC_WARN_UNUSED_VARIABLE = YES;
				IPHONEOS_DEPLOYMENT_TARGET = 16.2;
				MTL_ENABLE_DEBUG_INFO = INCLUDE_SOURCE;
				MTL_FAST_MATH = YES;
				ONLY_ACTIVE_ARCH = YES;
				SDKROOT = iphoneos;
				SWIFT_ACTIVE_COMPILATION_CONDITIONS = DEBUG;
				SWIFT_OPTIMIZATION_LEVEL = "-Onone";
			};
			name = Debug;
		};
		14E07DEC29FBDF600080FECA /* Release */ = {
			isa = XCBuildConfiguration;
			buildSettings = {
				ALWAYS_SEARCH_USER_PATHS = NO;
				CLANG_ANALYZER_NONNULL = YES;
				CLANG_ANALYZER_NUMBER_OBJECT_CONVERSION = YES_AGGRESSIVE;
				CLANG_CXX_LANGUAGE_STANDARD = "gnu++20";
				CLANG_ENABLE_MODULES = YES;
				CLANG_ENABLE_OBJC_ARC = YES;
				CLANG_ENABLE_OBJC_WEAK = YES;
				CLANG_WARN_BLOCK_CAPTURE_AUTORELEASING = YES;
				CLANG_WARN_BOOL_CONVERSION = YES;
				CLANG_WARN_COMMA = YES;
				CLANG_WARN_CONSTANT_CONVERSION = YES;
				CLANG_WARN_DEPRECATED_OBJC_IMPLEMENTATIONS = YES;
				CLANG_WARN_DIRECT_OBJC_ISA_USAGE = YES_ERROR;
				CLANG_WARN_DOCUMENTATION_COMMENTS = YES;
				CLANG_WARN_EMPTY_BODY = YES;
				CLANG_WARN_ENUM_CONVERSION = YES;
				CLANG_WARN_INFINITE_RECURSION = YES;
				CLANG_WARN_INT_CONVERSION = YES;
				CLANG_WARN_NON_LITERAL_NULL_CONVERSION = YES;
				CLANG_WARN_OBJC_IMPLICIT_RETAIN_SELF = YES;
				CLANG_WARN_OBJC_LITERAL_CONVERSION = YES;
				CLANG_WARN_OBJC_ROOT_CLASS = YES_ERROR;
				CLANG_WARN_QUOTED_INCLUDE_IN_FRAMEWORK_HEADER = YES;
				CLANG_WARN_RANGE_LOOP_ANALYSIS = YES;
				CLANG_WARN_STRICT_PROTOTYPES = YES;
				CLANG_WARN_SUSPICIOUS_MOVE = YES;
				CLANG_WARN_UNGUARDED_AVAILABILITY = YES_AGGRESSIVE;
				CLANG_WARN_UNREACHABLE_CODE = YES;
				CLANG_WARN__DUPLICATE_METHOD_MATCH = YES;
				COPY_PHASE_STRIP = NO;
				DEBUG_INFORMATION_FORMAT = "dwarf-with-dsym";
				ENABLE_NS_ASSERTIONS = NO;
				ENABLE_STRICT_OBJC_MSGSEND = YES;
				GCC_C_LANGUAGE_STANDARD = gnu11;
				GCC_NO_COMMON_BLOCKS = YES;
				GCC_WARN_64_TO_32_BIT_CONVERSION = YES;
				GCC_WARN_ABOUT_RETURN_TYPE = YES_ERROR;
				GCC_WARN_UNDECLARED_SELECTOR = YES;
				GCC_WARN_UNINITIALIZED_AUTOS = YES_AGGRESSIVE;
				GCC_WARN_UNUSED_FUNCTION = YES;
				GCC_WARN_UNUSED_VARIABLE = YES;
				IPHONEOS_DEPLOYMENT_TARGET = 16.2;
				MTL_ENABLE_DEBUG_INFO = NO;
				MTL_FAST_MATH = YES;
				SDKROOT = iphoneos;
				SWIFT_COMPILATION_MODE = wholemodule;
				SWIFT_OPTIMIZATION_LEVEL = "-O";
				VALIDATE_PRODUCT = YES;
			};
			name = Release;
		};
		14E07DEE29FBDF600080FECA /* Debug */ = {
			isa = XCBuildConfiguration;
			buildSettings = {
				ASSETCATALOG_COMPILER_APPICON_NAME = AppIcon;
				ASSETCATALOG_COMPILER_GLOBAL_ACCENT_COLOR_NAME = AccentColor;
				CODE_SIGN_STYLE = Automatic;
				CURRENT_PROJECT_VERSION = 1;
				DEVELOPMENT_TEAM = 6CP89R9486;
				GENERATE_INFOPLIST_FILE = YES;
				INFOPLIST_FILE = AnimationStudy/Info.plist;
				INFOPLIST_KEY_UIApplicationSupportsIndirectInputEvents = YES;
				INFOPLIST_KEY_UILaunchStoryboardName = LaunchScreen;
				INFOPLIST_KEY_UIMainStoryboardFile = Main;
				INFOPLIST_KEY_UISupportedInterfaceOrientations_iPad = "UIInterfaceOrientationPortrait UIInterfaceOrientationPortraitUpsideDown UIInterfaceOrientationLandscapeLeft UIInterfaceOrientationLandscapeRight";
				INFOPLIST_KEY_UISupportedInterfaceOrientations_iPhone = "UIInterfaceOrientationPortrait UIInterfaceOrientationLandscapeLeft UIInterfaceOrientationLandscapeRight";
				LD_RUNPATH_SEARCH_PATHS = (
					"$(inherited)",
					"@executable_path/Frameworks",
				);
				MARKETING_VERSION = 1.0;
				PRODUCT_BUNDLE_IDENTIFIER = com.inyoung.Study.AnimationStudy;
				PRODUCT_NAME = "$(TARGET_NAME)";
				SWIFT_EMIT_LOC_STRINGS = YES;
				SWIFT_VERSION = 5.0;
				TARGETED_DEVICE_FAMILY = "1,2";
			};
			name = Debug;
		};
		14E07DEF29FBDF600080FECA /* Release */ = {
			isa = XCBuildConfiguration;
			buildSettings = {
				ASSETCATALOG_COMPILER_APPICON_NAME = AppIcon;
				ASSETCATALOG_COMPILER_GLOBAL_ACCENT_COLOR_NAME = AccentColor;
				CODE_SIGN_STYLE = Automatic;
				CURRENT_PROJECT_VERSION = 1;
				DEVELOPMENT_TEAM = 6CP89R9486;
				GENERATE_INFOPLIST_FILE = YES;
				INFOPLIST_FILE = AnimationStudy/Info.plist;
				INFOPLIST_KEY_UIApplicationSupportsIndirectInputEvents = YES;
				INFOPLIST_KEY_UILaunchStoryboardName = LaunchScreen;
				INFOPLIST_KEY_UIMainStoryboardFile = Main;
				INFOPLIST_KEY_UISupportedInterfaceOrientations_iPad = "UIInterfaceOrientationPortrait UIInterfaceOrientationPortraitUpsideDown UIInterfaceOrientationLandscapeLeft UIInterfaceOrientationLandscapeRight";
				INFOPLIST_KEY_UISupportedInterfaceOrientations_iPhone = "UIInterfaceOrientationPortrait UIInterfaceOrientationLandscapeLeft UIInterfaceOrientationLandscapeRight";
				LD_RUNPATH_SEARCH_PATHS = (
					"$(inherited)",
					"@executable_path/Frameworks",
				);
				MARKETING_VERSION = 1.0;
				PRODUCT_BUNDLE_IDENTIFIER = com.inyoung.Study.AnimationStudy;
				PRODUCT_NAME = "$(TARGET_NAME)";
				SWIFT_EMIT_LOC_STRINGS = YES;
				SWIFT_VERSION = 5.0;
				TARGETED_DEVICE_FAMILY = "1,2";
			};
			name = Release;
		};
/* End XCBuildConfiguration section */

/* Begin XCConfigurationList section */
		14E07DD429FBDF5D0080FECA /* Build configuration list for PBXProject "AnimationStudy" */ = {
			isa = XCConfigurationList;
			buildConfigurations = (
				14E07DEB29FBDF600080FECA /* Debug */,
				14E07DEC29FBDF600080FECA /* Release */,
			);
			defaultConfigurationIsVisible = 0;
			defaultConfigurationName = Release;
		};
		14E07DED29FBDF600080FECA /* Build configuration list for PBXNativeTarget "AnimationStudy" */ = {
			isa = XCConfigurationList;
			buildConfigurations = (
				14E07DEE29FBDF600080FECA /* Debug */,
				14E07DEF29FBDF600080FECA /* Release */,
			);
			defaultConfigurationIsVisible = 0;
			defaultConfigurationName = Release;
		};
/* End XCConfigurationList section */

/* Begin XCRemoteSwiftPackageReference section */
		14E07DF029FBDF930080FECA /* XCRemoteSwiftPackageReference "Then" */ = {
			isa = XCRemoteSwiftPackageReference;
			repositoryURL = "https://github.com/devxoul/Then";
			requirement = {
				branch = master;
				kind = branch;
			};
		};
		14E07DF329FBDFED0080FECA /* XCRemoteSwiftPackageReference "SnapKit" */ = {
			isa = XCRemoteSwiftPackageReference;
			repositoryURL = "https://github.com/SnapKit/SnapKit";
			requirement = {
				kind = upToNextMajorVersion;
				minimumVersion = 5.0.0;
			};
		};
/* End XCRemoteSwiftPackageReference section */

/* Begin XCSwiftPackageProductDependency section */
		14E07DF129FBDF930080FECA /* Then */ = {
			isa = XCSwiftPackageProductDependency;
			package = 14E07DF029FBDF930080FECA /* XCRemoteSwiftPackageReference "Then" */;
			productName = Then;
		};
		14E07DF429FBDFED0080FECA /* SnapKit */ = {
			isa = XCSwiftPackageProductDependency;
			package = 14E07DF329FBDFED0080FECA /* XCRemoteSwiftPackageReference "SnapKit" */;
			productName = SnapKit;
		};
/* End XCSwiftPackageProductDependency section */
	};
	rootObject = 14E07DD129FBDF5D0080FECA /* Project object */;
}
