// !$*UTF8*$!
{
	archiveVersion = 1;
	classes = {
	};
	objectVersion = 56;
	objects = {

/* Begin PBXBuildFile section */
		1444F5112A017529006632B4 /* AppDelegate.swift in Sources */ = {isa = PBXBuildFile; fileRef = 1444F5102A017529006632B4 /* AppDelegate.swift */; };
		1444F5132A017529006632B4 /* SceneDelegate.swift in Sources */ = {isa = PBXBuildFile; fileRef = 1444F5122A017529006632B4 /* SceneDelegate.swift */; };
		1444F5152A017529006632B4 /* ViewController.swift in Sources */ = {isa = PBXBuildFile; fileRef = 1444F5142A017529006632B4 /* ViewController.swift */; };
		1444F5182A017529006632B4 /* Main.storyboard in Resources */ = {isa = PBXBuildFile; fileRef = 1444F5162A017529006632B4 /* Main.storyboard */; };
		1444F51A2A01752B006632B4 /* Assets.xcassets in Resources */ = {isa = PBXBuildFile; fileRef = 1444F5192A01752B006632B4 /* Assets.xcassets */; };
		1444F51D2A01752B006632B4 /* LaunchScreen.storyboard in Resources */ = {isa = PBXBuildFile; fileRef = 1444F51B2A01752B006632B4 /* LaunchScreen.storyboard */; };
		1444F5252A0175AE006632B4 /* PageViewController.swift in Sources */ = {isa = PBXBuildFile; fileRef = 1444F5242A0175AE006632B4 /* PageViewController.swift */; };
		1444F5282A0180B8006632B4 /* Then in Frameworks */ = {isa = PBXBuildFile; productRef = 1444F5272A0180B8006632B4 /* Then */; };
		1444F52B2A0180C5006632B4 /* SnapKit in Frameworks */ = {isa = PBXBuildFile; productRef = 1444F52A2A0180C5006632B4 /* SnapKit */; };
/* End PBXBuildFile section */

/* Begin PBXFileReference section */
		1444F50D2A017529006632B4 /* Practice_PageVC.app */ = {isa = PBXFileReference; explicitFileType = wrapper.application; includeInIndex = 0; path = Practice_PageVC.app; sourceTree = BUILT_PRODUCTS_DIR; };
		1444F5102A017529006632B4 /* AppDelegate.swift */ = {isa = PBXFileReference; lastKnownFileType = sourcecode.swift; path = AppDelegate.swift; sourceTree = "<group>"; };
		1444F5122A017529006632B4 /* SceneDelegate.swift */ = {isa = PBXFileReference; lastKnownFileType = sourcecode.swift; path = SceneDelegate.swift; sourceTree = "<group>"; };
		1444F5142A017529006632B4 /* ViewController.swift */ = {isa = PBXFileReference; lastKnownFileType = sourcecode.swift; path = ViewController.swift; sourceTree = "<group>"; };
		1444F5172A017529006632B4 /* Base */ = {isa = PBXFileReference; lastKnownFileType = file.storyboard; name = Base; path = Base.lproj/Main.storyboard; sourceTree = "<group>"; };
		1444F5192A01752B006632B4 /* Assets.xcassets */ = {isa = PBXFileReference; lastKnownFileType = folder.assetcatalog; path = Assets.xcassets; sourceTree = "<group>"; };
		1444F51C2A01752B006632B4 /* Base */ = {isa = PBXFileReference; lastKnownFileType = file.storyboard; name = Base; path = Base.lproj/LaunchScreen.storyboard; sourceTree = "<group>"; };
		1444F51E2A01752B006632B4 /* Info.plist */ = {isa = PBXFileReference; lastKnownFileType = text.plist.xml; path = Info.plist; sourceTree = "<group>"; };
		1444F5242A0175AE006632B4 /* PageViewController.swift */ = {isa = PBXFileReference; lastKnownFileType = sourcecode.swift; path = PageViewController.swift; sourceTree = "<group>"; };
/* End PBXFileReference section */

/* Begin PBXFrameworksBuildPhase section */
		1444F50A2A017529006632B4 /* Frameworks */ = {
			isa = PBXFrameworksBuildPhase;
			buildActionMask = 2147483647;
			files = (
				1444F5282A0180B8006632B4 /* Then in Frameworks */,
				1444F52B2A0180C5006632B4 /* SnapKit in Frameworks */,
			);
			runOnlyForDeploymentPostprocessing = 0;
		};
/* End PBXFrameworksBuildPhase section */

/* Begin PBXGroup section */
		1444F5042A017529006632B4 = {
			isa = PBXGroup;
			children = (
				1444F50F2A017529006632B4 /* Practice_PageVC */,
				1444F50E2A017529006632B4 /* Products */,
			);
			sourceTree = "<group>";
		};
		1444F50E2A017529006632B4 /* Products */ = {
			isa = PBXGroup;
			children = (
				1444F50D2A017529006632B4 /* Practice_PageVC.app */,
			);
			name = Products;
			sourceTree = "<group>";
		};
		1444F50F2A017529006632B4 /* Practice_PageVC */ = {
			isa = PBXGroup;
			children = (
				1444F5102A017529006632B4 /* AppDelegate.swift */,
				1444F5122A017529006632B4 /* SceneDelegate.swift */,
				1444F5142A017529006632B4 /* ViewController.swift */,
				1444F5162A017529006632B4 /* Main.storyboard */,
				1444F5192A01752B006632B4 /* Assets.xcassets */,
				1444F51B2A01752B006632B4 /* LaunchScreen.storyboard */,
				1444F51E2A01752B006632B4 /* Info.plist */,
				1444F5242A0175AE006632B4 /* PageViewController.swift */,
			);
			path = Practice_PageVC;
			sourceTree = "<group>";
		};
/* End PBXGroup section */

/* Begin PBXNativeTarget section */
		1444F50C2A017529006632B4 /* Practice_PageVC */ = {
			isa = PBXNativeTarget;
			buildConfigurationList = 1444F5212A01752B006632B4 /* Build configuration list for PBXNativeTarget "Practice_PageVC" */;
			buildPhases = (
				1444F5092A017529006632B4 /* Sources */,
				1444F50A2A017529006632B4 /* Frameworks */,
				1444F50B2A017529006632B4 /* Resources */,
			);
			buildRules = (
			);
			dependencies = (
			);
			name = Practice_PageVC;
			packageProductDependencies = (
				1444F5272A0180B8006632B4 /* Then */,
				1444F52A2A0180C5006632B4 /* SnapKit */,
			);
			productName = Practice_PageVC;
			productReference = 1444F50D2A017529006632B4 /* Practice_PageVC.app */;
			productType = "com.apple.product-type.application";
		};
/* End PBXNativeTarget section */

/* Begin PBXProject section */
		1444F5052A017529006632B4 /* Project object */ = {
			isa = PBXProject;
			attributes = {
				BuildIndependentTargetsInParallel = 1;
				LastSwiftUpdateCheck = 1420;
				LastUpgradeCheck = 1420;
				TargetAttributes = {
					1444F50C2A017529006632B4 = {
						CreatedOnToolsVersion = 14.2;
					};
				};
			};
			buildConfigurationList = 1444F5082A017529006632B4 /* Build configuration list for PBXProject "Practice_PageVC" */;
			compatibilityVersion = "Xcode 14.0";
			developmentRegion = en;
			hasScannedForEncodings = 0;
			knownRegions = (
				en,
				Base,
			);
			mainGroup = 1444F5042A017529006632B4;
			packageReferences = (
				1444F5262A0180B8006632B4 /* XCRemoteSwiftPackageReference "Then" */,
				1444F5292A0180C5006632B4 /* XCRemoteSwiftPackageReference "SnapKit" */,
			);
			productRefGroup = 1444F50E2A017529006632B4 /* Products */;
			projectDirPath = "";
			projectRoot = "";
			targets = (
				1444F50C2A017529006632B4 /* Practice_PageVC */,
			);
		};
/* End PBXProject section */

/* Begin PBXResourcesBuildPhase section */
		1444F50B2A017529006632B4 /* Resources */ = {
			isa = PBXResourcesBuildPhase;
			buildActionMask = 2147483647;
			files = (
				1444F51D2A01752B006632B4 /* LaunchScreen.storyboard in Resources */,
				1444F51A2A01752B006632B4 /* Assets.xcassets in Resources */,
				1444F5182A017529006632B4 /* Main.storyboard in Resources */,
			);
			runOnlyForDeploymentPostprocessing = 0;
		};
/* End PBXResourcesBuildPhase section */

/* Begin PBXSourcesBuildPhase section */
		1444F5092A017529006632B4 /* Sources */ = {
			isa = PBXSourcesBuildPhase;
			buildActionMask = 2147483647;
			files = (
				1444F5152A017529006632B4 /* ViewController.swift in Sources */,
				1444F5112A017529006632B4 /* AppDelegate.swift in Sources */,
				1444F5132A017529006632B4 /* SceneDelegate.swift in Sources */,
				1444F5252A0175AE006632B4 /* PageViewController.swift in Sources */,
			);
			runOnlyForDeploymentPostprocessing = 0;
		};
/* End PBXSourcesBuildPhase section */

/* Begin PBXVariantGroup section */
		1444F5162A017529006632B4 /* Main.storyboard */ = {
			isa = PBXVariantGroup;
			children = (
				1444F5172A017529006632B4 /* Base */,
			);
			name = Main.storyboard;
			sourceTree = "<group>";
		};
		1444F51B2A01752B006632B4 /* LaunchScreen.storyboard */ = {
			isa = PBXVariantGroup;
			children = (
				1444F51C2A01752B006632B4 /* Base */,
			);
			name = LaunchScreen.storyboard;
			sourceTree = "<group>";
		};
/* End PBXVariantGroup section */

/* Begin XCBuildConfiguration section */
		1444F51F2A01752B006632B4 /* Debug */ = {
			isa = XCBuildConfiguration;
			buildSettings = {
				ALWAYS_SEARCH_USER_PATHS = NO;
				CLANG_ANALYZER_NONNULL = YES;
				CLANG_ANALYZER_NUMBER_OBJECT_CONVERSION = YES_AGGRESSIVE;
				CLANG_CXX_LANGUAGE_STANDARD = "gnu++20";
				CLANG_ENABLE_MODULES = YES;
				CLANG_ENABLE_OBJC_ARC = YES;
				CLANG_ENABLE_OBJC_WEAK = YES;
				CLANG_WARN_BLOCK_CAPTURE_AUTORELEASING = YES;
				CLANG_WARN_BOOL_CONVERSION = YES;
				CLANG_WARN_COMMA = YES;
				CLANG_WARN_CONSTANT_CONVERSION = YES;
				CLANG_WARN_DEPRECATED_OBJC_IMPLEMENTATIONS = YES;
				CLANG_WARN_DIRECT_OBJC_ISA_USAGE = YES_ERROR;
				CLANG_WARN_DOCUMENTATION_COMMENTS = YES;
				CLANG_WARN_EMPTY_BODY = YES;
				CLANG_WARN_ENUM_CONVERSION = YES;
				CLANG_WARN_INFINITE_RECURSION = YES;
				CLANG_WARN_INT_CONVERSION = YES;
				CLANG_WARN_NON_LITERAL_NULL_CONVERSION = YES;
				CLANG_WARN_OBJC_IMPLICIT_RETAIN_SELF = YES;
				CLANG_WARN_OBJC_LITERAL_CONVERSION = YES;
				CLANG_WARN_OBJC_ROOT_CLASS = YES_ERROR;
				CLANG_WARN_QUOTED_INCLUDE_IN_FRAMEWORK_HEADER = YES;
				CLANG_WARN_RANGE_LOOP_ANALYSIS = YES;
				CLANG_WARN_STRICT_PROTOTYPES = YES;
				CLANG_WARN_SUSPICIOUS_MOVE = YES;
				CLANG_WARN_UNGUARDED_AVAILABILITY = YES_AGGRESSIVE;
				CLANG_WARN_UNREACHABLE_CODE = YES;
				CLANG_WARN__DUPLICATE_METHOD_MATCH = YES;
				COPY_PHASE_STRIP = NO;
				DEBUG_INFORMATION_FORMAT = dwarf;
				ENABLE_STRICT_OBJC_MSGSEND = YES;
				ENABLE_TESTABILITY = YES;
				GCC_C_LANGUAGE_STANDARD = gnu11;
				GCC_DYNAMIC_NO_PIC = NO;
				GCC_NO_COMMON_BLOCKS = YES;
				GCC_OPTIMIZATION_LEVEL = 0;
				GCC_PREPROCESSOR_DEFINITIONS = (
					"DEBUG=1",
					"$(inherited)",
				);
				GCC_WARN_64_TO_32_BIT_CONVERSION = YES;
				GCC_WARN_ABOUT_RETURN_TYPE = YES_ERROR;
				GCC_WARN_UNDECLARED_SELECTOR = YES;
				GCC_WARN_UNINITIALIZED_AUTOS = YES_AGGRESSIVE;
				GCC_WARN_UNUSED_FUNCTION = YES;
				GCC_WARN_UNUSED_VARIABLE = YES;
				IPHONEOS_DEPLOYMENT_TARGET = 16.2;
				MTL_ENABLE_DEBUG_INFO = INCLUDE_SOURCE;
				MTL_FAST_MATH = YES;
				ONLY_ACTIVE_ARCH = YES;
				SDKROOT = iphoneos;
				SWIFT_ACTIVE_COMPILATION_CONDITIONS = DEBUG;
				SWIFT_OPTIMIZATION_LEVEL = "-Onone";
			};
			name = Debug;
		};
		1444F5202A01752B006632B4 /* Release */ = {
			isa = XCBuildConfiguration;
			buildSettings = {
				ALWAYS_SEARCH_USER_PATHS = NO;
				CLANG_ANALYZER_NONNULL = YES;
				CLANG_ANALYZER_NUMBER_OBJECT_CONVERSION = YES_AGGRESSIVE;
				CLANG_CXX_LANGUAGE_STANDARD = "gnu++20";
				CLANG_ENABLE_MODULES = YES;
				CLANG_ENABLE_OBJC_ARC = YES;
				CLANG_ENABLE_OBJC_WEAK = YES;
				CLANG_WARN_BLOCK_CAPTURE_AUTORELEASING = YES;
				CLANG_WARN_BOOL_CONVERSION = YES;
				CLANG_WARN_COMMA = YES;
				CLANG_WARN_CONSTANT_CONVERSION = YES;
				CLANG_WARN_DEPRECATED_OBJC_IMPLEMENTATIONS = YES;
				CLANG_WARN_DIRECT_OBJC_ISA_USAGE = YES_ERROR;
				CLANG_WARN_DOCUMENTATION_COMMENTS = YES;
				CLANG_WARN_EMPTY_BODY = YES;
				CLANG_WARN_ENUM_CONVERSION = YES;
				CLANG_WARN_INFINITE_RECURSION = YES;
				CLANG_WARN_INT_CONVERSION = YES;
				CLANG_WARN_NON_LITERAL_NULL_CONVERSION = YES;
				CLANG_WARN_OBJC_IMPLICIT_RETAIN_SELF = YES;
				CLANG_WARN_OBJC_LITERAL_CONVERSION = YES;
				CLANG_WARN_OBJC_ROOT_CLASS = YES_ERROR;
				CLANG_WARN_QUOTED_INCLUDE_IN_FRAMEWORK_HEADER = YES;
				CLANG_WARN_RANGE_LOOP_ANALYSIS = YES;
				CLANG_WARN_STRICT_PROTOTYPES = YES;
				CLANG_WARN_SUSPICIOUS_MOVE = YES;
				CLANG_WARN_UNGUARDED_AVAILABILITY = YES_AGGRESSIVE;
				CLANG_WARN_UNREACHABLE_CODE = YES;
				CLANG_WARN__DUPLICATE_METHOD_MATCH = YES;
				COPY_PHASE_STRIP = NO;
				DEBUG_INFORMATION_FORMAT = "dwarf-with-dsym";
				ENABLE_NS_ASSERTIONS = NO;
				ENABLE_STRICT_OBJC_MSGSEND = YES;
				GCC_C_LANGUAGE_STANDARD = gnu11;
				GCC_NO_COMMON_BLOCKS = YES;
				GCC_WARN_64_TO_32_BIT_CONVERSION = YES;
				GCC_WARN_ABOUT_RETURN_TYPE = YES_ERROR;
				GCC_WARN_UNDECLARED_SELECTOR = YES;
				GCC_WARN_UNINITIALIZED_AUTOS = YES_AGGRESSIVE;
				GCC_WARN_UNUSED_FUNCTION = YES;
				GCC_WARN_UNUSED_VARIABLE = YES;
				IPHONEOS_DEPLOYMENT_TARGET = 16.2;
				MTL_ENABLE_DEBUG_INFO = NO;
				MTL_FAST_MATH = YES;
				SDKROOT = iphoneos;
				SWIFT_COMPILATION_MODE = wholemodule;
				SWIFT_OPTIMIZATION_LEVEL = "-O";
				VALIDATE_PRODUCT = YES;
			};
			name = Release;
		};
		1444F5222A01752B006632B4 /* Debug */ = {
			isa = XCBuildConfiguration;
			buildSettings = {
				ASSETCATALOG_COMPILER_APPICON_NAME = AppIcon;
				ASSETCATALOG_COMPILER_GLOBAL_ACCENT_COLOR_NAME = AccentColor;
				CODE_SIGN_STYLE = Automatic;
				CURRENT_PROJECT_VERSION = 1;
				DEVELOPMENT_TEAM = 6CP89R9486;
				GENERATE_INFOPLIST_FILE = YES;
				INFOPLIST_FILE = Practice_PageVC/Info.plist;
				INFOPLIST_KEY_UIApplicationSupportsIndirectInputEvents = YES;
				INFOPLIST_KEY_UILaunchStoryboardName = LaunchScreen;
				INFOPLIST_KEY_UIMainStoryboardFile = Main;
				INFOPLIST_KEY_UISupportedInterfaceOrientations_iPad = "UIInterfaceOrientationPortrait UIInterfaceOrientationPortraitUpsideDown UIInterfaceOrientationLandscapeLeft UIInterfaceOrientationLandscapeRight";
				INFOPLIST_KEY_UISupportedInterfaceOrientations_iPhone = "UIInterfaceOrientationPortrait UIInterfaceOrientationLandscapeLeft UIInterfaceOrientationLandscapeRight";
				LD_RUNPATH_SEARCH_PATHS = (
					"$(inherited)",
					"@executable_path/Frameworks",
				);
				MARKETING_VERSION = 1.0;
				PRODUCT_BUNDLE_IDENTIFIER = "com.inyoung.Study.Practice-PageVC";
				PRODUCT_NAME = "$(TARGET_NAME)";
				SWIFT_EMIT_LOC_STRINGS = YES;
				SWIFT_VERSION = 5.0;
				TARGETED_DEVICE_FAMILY = "1,2";
			};
			name = Debug;
		};
		1444F5232A01752B006632B4 /* Release */ = {
			isa = XCBuildConfiguration;
			buildSettings = {
				ASSETCATALOG_COMPILER_APPICON_NAME = AppIcon;
				ASSETCATALOG_COMPILER_GLOBAL_ACCENT_COLOR_NAME = AccentColor;
				CODE_SIGN_STYLE = Automatic;
				CURRENT_PROJECT_VERSION = 1;
				DEVELOPMENT_TEAM = 6CP89R9486;
				GENERATE_INFOPLIST_FILE = YES;
				INFOPLIST_FILE = Practice_PageVC/Info.plist;
				INFOPLIST_KEY_UIApplicationSupportsIndirectInputEvents = YES;
				INFOPLIST_KEY_UILaunchStoryboardName = LaunchScreen;
				INFOPLIST_KEY_UIMainStoryboardFile = Main;
				INFOPLIST_KEY_UISupportedInterfaceOrientations_iPad = "UIInterfaceOrientationPortrait UIInterfaceOrientationPortraitUpsideDown UIInterfaceOrientationLandscapeLeft UIInterfaceOrientationLandscapeRight";
				INFOPLIST_KEY_UISupportedInterfaceOrientations_iPhone = "UIInterfaceOrientationPortrait UIInterfaceOrientationLandscapeLeft UIInterfaceOrientationLandscapeRight";
				LD_RUNPATH_SEARCH_PATHS = (
					"$(inherited)",
					"@executable_path/Frameworks",
				);
				MARKETING_VERSION = 1.0;
				PRODUCT_BUNDLE_IDENTIFIER = "com.inyoung.Study.Practice-PageVC";
				PRODUCT_NAME = "$(TARGET_NAME)";
				SWIFT_EMIT_LOC_STRINGS = YES;
				SWIFT_VERSION = 5.0;
				TARGETED_DEVICE_FAMILY = "1,2";
			};
			name = Release;
		};
/* End XCBuildConfiguration section */

/* Begin XCConfigurationList section */
		1444F5082A017529006632B4 /* Build configuration list for PBXProject "Practice_PageVC" */ = {
			isa = XCConfigurationList;
			buildConfigurations = (
				1444F51F2A01752B006632B4 /* Debug */,
				1444F5202A01752B006632B4 /* Release */,
			);
			defaultConfigurationIsVisible = 0;
			defaultConfigurationName = Release;
		};
		1444F5212A01752B006632B4 /* Build configuration list for PBXNativeTarget "Practice_PageVC" */ = {
			isa = XCConfigurationList;
			buildConfigurations = (
				1444F5222A01752B006632B4 /* Debug */,
				1444F5232A01752B006632B4 /* Release */,
			);
			defaultConfigurationIsVisible = 0;
			defaultConfigurationName = Release;
		};
/* End XCConfigurationList section */

/* Begin XCRemoteSwiftPackageReference section */
		1444F5262A0180B8006632B4 /* XCRemoteSwiftPackageReference "Then" */ = {
			isa = XCRemoteSwiftPackageReference;
			repositoryURL = "https://github.com/devxoul/Then";
			requirement = {
				branch = master;
				kind = branch;
			};
		};
		1444F5292A0180C5006632B4 /* XCRemoteSwiftPackageReference "SnapKit" */ = {
			isa = XCRemoteSwiftPackageReference;
			repositoryURL = "https://github.com/SnapKit/SnapKit";
			requirement = {
				kind = upToNextMajorVersion;
				minimumVersion = 5.0.0;
			};
		};
/* End XCRemoteSwiftPackageReference section */

/* Begin XCSwiftPackageProductDependency section */
		1444F5272A0180B8006632B4 /* Then */ = {
			isa = XCSwiftPackageProductDependency;
			package = 1444F5262A0180B8006632B4 /* XCRemoteSwiftPackageReference "Then" */;
			productName = Then;
		};
		1444F52A2A0180C5006632B4 /* SnapKit */ = {
			isa = XCSwiftPackageProductDependency;
			package = 1444F5292A0180C5006632B4 /* XCRemoteSwiftPackageReference "SnapKit" */;
			productName = SnapKit;
		};
/* End XCSwiftPackageProductDependency section */
	};
	rootObject = 1444F5052A017529006632B4 /* Project object */;
}
