// !$*UTF8*$!
{
	archiveVersion = 1;
	classes = {
	};
	objectVersion = 56;
	objects = {

/* Begin PBXBuildFile section */
		1404713B2927FEB30012FD4A /* dd.swift in Sources */ = {isa = PBXBuildFile; fileRef = 1404713A2927FEB30012FD4A /* dd.swift */; };
		14AFB1CA28FF0DFB00C051E1 /* AppDelegate.swift in Sources */ = {isa = PBXBuildFile; fileRef = 14AFB1C928FF0DFB00C051E1 /* AppDelegate.swift */; };
		14AFB1CC28FF0DFB00C051E1 /* SceneDelegate.swift in Sources */ = {isa = PBXBuildFile; fileRef = 14AFB1CB28FF0DFB00C051E1 /* SceneDelegate.swift */; };
		14AFB1CE28FF0DFB00C051E1 /* ViewController.swift in Sources */ = {isa = PBXBuildFile; fileRef = 14AFB1CD28FF0DFB00C051E1 /* ViewController.swift */; };
		14AFB1D128FF0DFB00C051E1 /* Main.storyboard in Resources */ = {isa = PBXBuildFile; fileRef = 14AFB1CF28FF0DFB00C051E1 /* Main.storyboard */; };
		14AFB1D328FF0DFC00C051E1 /* Assets.xcassets in Resources */ = {isa = PBXBuildFile; fileRef = 14AFB1D228FF0DFC00C051E1 /* Assets.xcassets */; };
		14AFB1D628FF0DFC00C051E1 /* LaunchScreen.storyboard in Resources */ = {isa = PBXBuildFile; fileRef = 14AFB1D428FF0DFC00C051E1 /* LaunchScreen.storyboard */; };
		14AFB1DE28FF0E3500C051E1 /* HomeViewController.swift in Sources */ = {isa = PBXBuildFile; fileRef = 14AFB1DD28FF0E3500C051E1 /* HomeViewController.swift */; };
		14AFB1E128FF1B0A00C051E1 /* SnapKit in Frameworks */ = {isa = PBXBuildFile; productRef = 14AFB1E028FF1B0A00C051E1 /* SnapKit */; };
		14AFB1E428FF1B6200C051E1 /* Then in Frameworks */ = {isa = PBXBuildFile; productRef = 14AFB1E328FF1B6200C051E1 /* Then */; };
		14AFB1E728FF1B8100C051E1 /* SwiftyColor in Frameworks */ = {isa = PBXBuildFile; productRef = 14AFB1E628FF1B8100C051E1 /* SwiftyColor */; };
		14AFB1E928FF1C7600C051E1 /* ClothesModel.swift in Sources */ = {isa = PBXBuildFile; fileRef = 14AFB1E828FF1C7600C051E1 /* ClothesModel.swift */; };
		14AFB1EB28FF270D00C051E1 /* ClothesCollectionViewCell.swift in Sources */ = {isa = PBXBuildFile; fileRef = 14AFB1EA28FF270D00C051E1 /* ClothesCollectionViewCell.swift */; };
		14AFB1ED290069B100C051E1 /* TabBarViewController.swift in Sources */ = {isa = PBXBuildFile; fileRef = 14AFB1EC290069B100C051E1 /* TabBarViewController.swift */; };
		14AFB1F029006A6500C051E1 /* CategoryViewController.swift in Sources */ = {isa = PBXBuildFile; fileRef = 14AFB1EF29006A6500C051E1 /* CategoryViewController.swift */; };
		14AFB1F229006A7100C051E1 /* DailyDeliveryViewController.swift in Sources */ = {isa = PBXBuildFile; fileRef = 14AFB1F129006A7100C051E1 /* DailyDeliveryViewController.swift */; };
		14AFB1F429006A7B00C051E1 /* FanciedViewController.swift in Sources */ = {isa = PBXBuildFile; fileRef = 14AFB1F329006A7B00C051E1 /* FanciedViewController.swift */; };
		14AFB1F629006A9300C051E1 /* MyPageViewController.swift in Sources */ = {isa = PBXBuildFile; fileRef = 14AFB1F529006A9300C051E1 /* MyPageViewController.swift */; };
/* End PBXBuildFile section */

/* Begin PBXFileReference section */
		1404713A2927FEB30012FD4A /* dd.swift */ = {isa = PBXFileReference; lastKnownFileType = sourcecode.swift; path = dd.swift; sourceTree = "<group>"; };
		14AFB1C628FF0DFB00C051E1 /* ClothesRecommend_Brandi.app */ = {isa = PBXFileReference; explicitFileType = wrapper.application; includeInIndex = 0; path = ClothesRecommend_Brandi.app; sourceTree = BUILT_PRODUCTS_DIR; };
		14AFB1C928FF0DFB00C051E1 /* AppDelegate.swift */ = {isa = PBXFileReference; lastKnownFileType = sourcecode.swift; path = AppDelegate.swift; sourceTree = "<group>"; };
		14AFB1CB28FF0DFB00C051E1 /* SceneDelegate.swift */ = {isa = PBXFileReference; lastKnownFileType = sourcecode.swift; path = SceneDelegate.swift; sourceTree = "<group>"; };
		14AFB1CD28FF0DFB00C051E1 /* ViewController.swift */ = {isa = PBXFileReference; lastKnownFileType = sourcecode.swift; path = ViewController.swift; sourceTree = "<group>"; };
		14AFB1D028FF0DFB00C051E1 /* Base */ = {isa = PBXFileReference; lastKnownFileType = file.storyboard; name = Base; path = Base.lproj/Main.storyboard; sourceTree = "<group>"; };
		14AFB1D228FF0DFC00C051E1 /* Assets.xcassets */ = {isa = PBXFileReference; lastKnownFileType = folder.assetcatalog; path = Assets.xcassets; sourceTree = "<group>"; };
		14AFB1D528FF0DFC00C051E1 /* Base */ = {isa = PBXFileReference; lastKnownFileType = file.storyboard; name = Base; path = Base.lproj/LaunchScreen.storyboard; sourceTree = "<group>"; };
		14AFB1D728FF0DFC00C051E1 /* Info.plist */ = {isa = PBXFileReference; lastKnownFileType = text.plist.xml; path = Info.plist; sourceTree = "<group>"; };
		14AFB1DD28FF0E3500C051E1 /* HomeViewController.swift */ = {isa = PBXFileReference; lastKnownFileType = sourcecode.swift; path = HomeViewController.swift; sourceTree = "<group>"; };
		14AFB1E828FF1C7600C051E1 /* ClothesModel.swift */ = {isa = PBXFileReference; lastKnownFileType = sourcecode.swift; path = ClothesModel.swift; sourceTree = "<group>"; };
		14AFB1EA28FF270D00C051E1 /* ClothesCollectionViewCell.swift */ = {isa = PBXFileReference; lastKnownFileType = sourcecode.swift; path = ClothesCollectionViewCell.swift; sourceTree = "<group>"; };
		14AFB1EC290069B100C051E1 /* TabBarViewController.swift */ = {isa = PBXFileReference; lastKnownFileType = sourcecode.swift; path = TabBarViewController.swift; sourceTree = "<group>"; };
		14AFB1EF29006A6500C051E1 /* CategoryViewController.swift */ = {isa = PBXFileReference; lastKnownFileType = sourcecode.swift; path = CategoryViewController.swift; sourceTree = "<group>"; };
		14AFB1F129006A7100C051E1 /* DailyDeliveryViewController.swift */ = {isa = PBXFileReference; lastKnownFileType = sourcecode.swift; path = DailyDeliveryViewController.swift; sourceTree = "<group>"; };
		14AFB1F329006A7B00C051E1 /* FanciedViewController.swift */ = {isa = PBXFileReference; lastKnownFileType = sourcecode.swift; path = FanciedViewController.swift; sourceTree = "<group>"; };
		14AFB1F529006A9300C051E1 /* MyPageViewController.swift */ = {isa = PBXFileReference; lastKnownFileType = sourcecode.swift; path = MyPageViewController.swift; sourceTree = "<group>"; };
/* End PBXFileReference section */

/* Begin PBXFrameworksBuildPhase section */
		14AFB1C328FF0DFB00C051E1 /* Frameworks */ = {
			isa = PBXFrameworksBuildPhase;
			buildActionMask = 2147483647;
			files = (
				14AFB1E128FF1B0A00C051E1 /* SnapKit in Frameworks */,
				14AFB1E728FF1B8100C051E1 /* SwiftyColor in Frameworks */,
				14AFB1E428FF1B6200C051E1 /* Then in Frameworks */,
			);
			runOnlyForDeploymentPostprocessing = 0;
		};
/* End PBXFrameworksBuildPhase section */

/* Begin PBXGroup section */
		14AFB1BD28FF0DFB00C051E1 = {
			isa = PBXGroup;
			children = (
				14AFB1C828FF0DFB00C051E1 /* ClothesRecommend_Brandi */,
				14AFB1C728FF0DFB00C051E1 /* Products */,
			);
			sourceTree = "<group>";
		};
		14AFB1C728FF0DFB00C051E1 /* Products */ = {
			isa = PBXGroup;
			children = (
				14AFB1C628FF0DFB00C051E1 /* ClothesRecommend_Brandi.app */,
			);
			name = Products;
			sourceTree = "<group>";
		};
		14AFB1C828FF0DFB00C051E1 /* ClothesRecommend_Brandi */ = {
			isa = PBXGroup;
			children = (
				14AFB1EE29006A1900C051E1 /* TabBar */,
				14AFB1C928FF0DFB00C051E1 /* AppDelegate.swift */,
				14AFB1CB28FF0DFB00C051E1 /* SceneDelegate.swift */,
				14AFB1CD28FF0DFB00C051E1 /* ViewController.swift */,
				14AFB1CF28FF0DFB00C051E1 /* Main.storyboard */,
				14AFB1D228FF0DFC00C051E1 /* Assets.xcassets */,
				14AFB1D428FF0DFC00C051E1 /* LaunchScreen.storyboard */,
				14AFB1D728FF0DFC00C051E1 /* Info.plist */,
				14AFB1E828FF1C7600C051E1 /* ClothesModel.swift */,
				14AFB1EA28FF270D00C051E1 /* ClothesCollectionViewCell.swift */,
			);
			path = ClothesRecommend_Brandi;
			sourceTree = "<group>";
		};
		14AFB1EE29006A1900C051E1 /* TabBar */ = {
			isa = PBXGroup;
			children = (
				14AFB1EC290069B100C051E1 /* TabBarViewController.swift */,
				14AFB1DD28FF0E3500C051E1 /* HomeViewController.swift */,
				14AFB1EF29006A6500C051E1 /* CategoryViewController.swift */,
				14AFB1F129006A7100C051E1 /* DailyDeliveryViewController.swift */,
				14AFB1F329006A7B00C051E1 /* FanciedViewController.swift */,
				1404713A2927FEB30012FD4A /* dd.swift */,
				14AFB1F529006A9300C051E1 /* MyPageViewController.swift */,
			);
			path = TabBar;
			sourceTree = "<group>";
		};
/* End PBXGroup section */

/* Begin PBXNativeTarget section */
		14AFB1C528FF0DFB00C051E1 /* ClothesRecommend_Brandi */ = {
			isa = PBXNativeTarget;
			buildConfigurationList = 14AFB1DA28FF0DFC00C051E1 /* Build configuration list for PBXNativeTarget "ClothesRecommend_Brandi" */;
			buildPhases = (
				14AFB1C228FF0DFB00C051E1 /* Sources */,
				14AFB1C328FF0DFB00C051E1 /* Frameworks */,
				14AFB1C428FF0DFB00C051E1 /* Resources */,
			);
			buildRules = (
			);
			dependencies = (
			);
			name = ClothesRecommend_Brandi;
			packageProductDependencies = (
				14AFB1E028FF1B0A00C051E1 /* SnapKit */,
				14AFB1E328FF1B6200C051E1 /* Then */,
				14AFB1E628FF1B8100C051E1 /* SwiftyColor */,
			);
			productName = ClothesRecommend_Brandi;
			productReference = 14AFB1C628FF0DFB00C051E1 /* ClothesRecommend_Brandi.app */;
			productType = "com.apple.product-type.application";
		};
/* End PBXNativeTarget section */

/* Begin PBXProject section */
		14AFB1BE28FF0DFB00C051E1 /* Project object */ = {
			isa = PBXProject;
			attributes = {
				BuildIndependentTargetsInParallel = 1;
				LastSwiftUpdateCheck = 1400;
				LastUpgradeCheck = 1400;
				TargetAttributes = {
					14AFB1C528FF0DFB00C051E1 = {
						CreatedOnToolsVersion = 14.0.1;
					};
				};
			};
			buildConfigurationList = 14AFB1C128FF0DFB00C051E1 /* Build configuration list for PBXProject "ClothesRecommend_Brandi" */;
			compatibilityVersion = "Xcode 14.0";
			developmentRegion = en;
			hasScannedForEncodings = 0;
			knownRegions = (
				en,
				Base,
			);
			mainGroup = 14AFB1BD28FF0DFB00C051E1;
			packageReferences = (
				14AFB1DF28FF1B0A00C051E1 /* XCRemoteSwiftPackageReference "SnapKit" */,
				14AFB1E228FF1B6200C051E1 /* XCRemoteSwiftPackageReference "Then" */,
				14AFB1E528FF1B8100C051E1 /* XCRemoteSwiftPackageReference "SwiftyColor" */,
			);
			productRefGroup = 14AFB1C728FF0DFB00C051E1 /* Products */;
			projectDirPath = "";
			projectRoot = "";
			targets = (
				14AFB1C528FF0DFB00C051E1 /* ClothesRecommend_Brandi */,
			);
		};
/* End PBXProject section */

/* Begin PBXResourcesBuildPhase section */
		14AFB1C428FF0DFB00C051E1 /* Resources */ = {
			isa = PBXResourcesBuildPhase;
			buildActionMask = 2147483647;
			files = (
				14AFB1D628FF0DFC00C051E1 /* LaunchScreen.storyboard in Resources */,
				14AFB1D328FF0DFC00C051E1 /* Assets.xcassets in Resources */,
				14AFB1D128FF0DFB00C051E1 /* Main.storyboard in Resources */,
			);
			runOnlyForDeploymentPostprocessing = 0;
		};
/* End PBXResourcesBuildPhase section */

/* Begin PBXSourcesBuildPhase section */
		14AFB1C228FF0DFB00C051E1 /* Sources */ = {
			isa = PBXSourcesBuildPhase;
			buildActionMask = 2147483647;
			files = (
				14AFB1F029006A6500C051E1 /* CategoryViewController.swift in Sources */,
				14AFB1F229006A7100C051E1 /* DailyDeliveryViewController.swift in Sources */,
				14AFB1E928FF1C7600C051E1 /* ClothesModel.swift in Sources */,
				14AFB1F629006A9300C051E1 /* MyPageViewController.swift in Sources */,
				14AFB1CE28FF0DFB00C051E1 /* ViewController.swift in Sources */,
				14AFB1F429006A7B00C051E1 /* FanciedViewController.swift in Sources */,
				14AFB1CA28FF0DFB00C051E1 /* AppDelegate.swift in Sources */,
				1404713B2927FEB30012FD4A /* dd.swift in Sources */,
				14AFB1EB28FF270D00C051E1 /* ClothesCollectionViewCell.swift in Sources */,
				14AFB1ED290069B100C051E1 /* TabBarViewController.swift in Sources */,
				14AFB1CC28FF0DFB00C051E1 /* SceneDelegate.swift in Sources */,
				14AFB1DE28FF0E3500C051E1 /* HomeViewController.swift in Sources */,
			);
			runOnlyForDeploymentPostprocessing = 0;
		};
/* End PBXSourcesBuildPhase section */

/* Begin PBXVariantGroup section */
		14AFB1CF28FF0DFB00C051E1 /* Main.storyboard */ = {
			isa = PBXVariantGroup;
			children = (
				14AFB1D028FF0DFB00C051E1 /* Base */,
			);
			name = Main.storyboard;
			sourceTree = "<group>";
		};
		14AFB1D428FF0DFC00C051E1 /* LaunchScreen.storyboard */ = {
			isa = PBXVariantGroup;
			children = (
				14AFB1D528FF0DFC00C051E1 /* Base */,
			);
			name = LaunchScreen.storyboard;
			sourceTree = "<group>";
		};
/* End PBXVariantGroup section */

/* Begin XCBuildConfiguration section */
		14AFB1D828FF0DFC00C051E1 /* Debug */ = {
			isa = XCBuildConfiguration;
			buildSettings = {
				ALWAYS_SEARCH_USER_PATHS = NO;
				CLANG_ANALYZER_NONNULL = YES;
				CLANG_ANALYZER_NUMBER_OBJECT_CONVERSION = YES_AGGRESSIVE;
				CLANG_CXX_LANGUAGE_STANDARD = "gnu++20";
				CLANG_ENABLE_MODULES = YES;
				CLANG_ENABLE_OBJC_ARC = YES;
				CLANG_ENABLE_OBJC_WEAK = YES;
				CLANG_WARN_BLOCK_CAPTURE_AUTORELEASING = YES;
				CLANG_WARN_BOOL_CONVERSION = YES;
				CLANG_WARN_COMMA = YES;
				CLANG_WARN_CONSTANT_CONVERSION = YES;
				CLANG_WARN_DEPRECATED_OBJC_IMPLEMENTATIONS = YES;
				CLANG_WARN_DIRECT_OBJC_ISA_USAGE = YES_ERROR;
				CLANG_WARN_DOCUMENTATION_COMMENTS = YES;
				CLANG_WARN_EMPTY_BODY = YES;
				CLANG_WARN_ENUM_CONVERSION = YES;
				CLANG_WARN_INFINITE_RECURSION = YES;
				CLANG_WARN_INT_CONVERSION = YES;
				CLANG_WARN_NON_LITERAL_NULL_CONVERSION = YES;
				CLANG_WARN_OBJC_IMPLICIT_RETAIN_SELF = YES;
				CLANG_WARN_OBJC_LITERAL_CONVERSION = YES;
				CLANG_WARN_OBJC_ROOT_CLASS = YES_ERROR;
				CLANG_WARN_QUOTED_INCLUDE_IN_FRAMEWORK_HEADER = YES;
				CLANG_WARN_RANGE_LOOP_ANALYSIS = YES;
				CLANG_WARN_STRICT_PROTOTYPES = YES;
				CLANG_WARN_SUSPICIOUS_MOVE = YES;
				CLANG_WARN_UNGUARDED_AVAILABILITY = YES_AGGRESSIVE;
				CLANG_WARN_UNREACHABLE_CODE = YES;
				CLANG_WARN__DUPLICATE_METHOD_MATCH = YES;
				COPY_PHASE_STRIP = NO;
				DEBUG_INFORMATION_FORMAT = dwarf;
				ENABLE_STRICT_OBJC_MSGSEND = YES;
				ENABLE_TESTABILITY = YES;
				GCC_C_LANGUAGE_STANDARD = gnu11;
				GCC_DYNAMIC_NO_PIC = NO;
				GCC_NO_COMMON_BLOCKS = YES;
				GCC_OPTIMIZATION_LEVEL = 0;
				GCC_PREPROCESSOR_DEFINITIONS = (
					"DEBUG=1",
					"$(inherited)",
				);
				GCC_WARN_64_TO_32_BIT_CONVERSION = YES;
				GCC_WARN_ABOUT_RETURN_TYPE = YES_ERROR;
				GCC_WARN_UNDECLARED_SELECTOR = YES;
				GCC_WARN_UNINITIALIZED_AUTOS = YES_AGGRESSIVE;
				GCC_WARN_UNUSED_FUNCTION = YES;
				GCC_WARN_UNUSED_VARIABLE = YES;
				IPHONEOS_DEPLOYMENT_TARGET = 16.0;
				MTL_ENABLE_DEBUG_INFO = INCLUDE_SOURCE;
				MTL_FAST_MATH = YES;
				ONLY_ACTIVE_ARCH = YES;
				SDKROOT = iphoneos;
				SWIFT_ACTIVE_COMPILATION_CONDITIONS = DEBUG;
				SWIFT_OPTIMIZATION_LEVEL = "-Onone";
			};
			name = Debug;
		};
		14AFB1D928FF0DFC00C051E1 /* Release */ = {
			isa = XCBuildConfiguration;
			buildSettings = {
				ALWAYS_SEARCH_USER_PATHS = NO;
				CLANG_ANALYZER_NONNULL = YES;
				CLANG_ANALYZER_NUMBER_OBJECT_CONVERSION = YES_AGGRESSIVE;
				CLANG_CXX_LANGUAGE_STANDARD = "gnu++20";
				CLANG_ENABLE_MODULES = YES;
				CLANG_ENABLE_OBJC_ARC = YES;
				CLANG_ENABLE_OBJC_WEAK = YES;
				CLANG_WARN_BLOCK_CAPTURE_AUTORELEASING = YES;
				CLANG_WARN_BOOL_CONVERSION = YES;
				CLANG_WARN_COMMA = YES;
				CLANG_WARN_CONSTANT_CONVERSION = YES;
				CLANG_WARN_DEPRECATED_OBJC_IMPLEMENTATIONS = YES;
				CLANG_WARN_DIRECT_OBJC_ISA_USAGE = YES_ERROR;
				CLANG_WARN_DOCUMENTATION_COMMENTS = YES;
				CLANG_WARN_EMPTY_BODY = YES;
				CLANG_WARN_ENUM_CONVERSION = YES;
				CLANG_WARN_INFINITE_RECURSION = YES;
				CLANG_WARN_INT_CONVERSION = YES;
				CLANG_WARN_NON_LITERAL_NULL_CONVERSION = YES;
				CLANG_WARN_OBJC_IMPLICIT_RETAIN_SELF = YES;
				CLANG_WARN_OBJC_LITERAL_CONVERSION = YES;
				CLANG_WARN_OBJC_ROOT_CLASS = YES_ERROR;
				CLANG_WARN_QUOTED_INCLUDE_IN_FRAMEWORK_HEADER = YES;
				CLANG_WARN_RANGE_LOOP_ANALYSIS = YES;
				CLANG_WARN_STRICT_PROTOTYPES = YES;
				CLANG_WARN_SUSPICIOUS_MOVE = YES;
				CLANG_WARN_UNGUARDED_AVAILABILITY = YES_AGGRESSIVE;
				CLANG_WARN_UNREACHABLE_CODE = YES;
				CLANG_WARN__DUPLICATE_METHOD_MATCH = YES;
				COPY_PHASE_STRIP = NO;
				DEBUG_INFORMATION_FORMAT = "dwarf-with-dsym";
				ENABLE_NS_ASSERTIONS = NO;
				ENABLE_STRICT_OBJC_MSGSEND = YES;
				GCC_C_LANGUAGE_STANDARD = gnu11;
				GCC_NO_COMMON_BLOCKS = YES;
				GCC_WARN_64_TO_32_BIT_CONVERSION = YES;
				GCC_WARN_ABOUT_RETURN_TYPE = YES_ERROR;
				GCC_WARN_UNDECLARED_SELECTOR = YES;
				GCC_WARN_UNINITIALIZED_AUTOS = YES_AGGRESSIVE;
				GCC_WARN_UNUSED_FUNCTION = YES;
				GCC_WARN_UNUSED_VARIABLE = YES;
				IPHONEOS_DEPLOYMENT_TARGET = 16.0;
				MTL_ENABLE_DEBUG_INFO = NO;
				MTL_FAST_MATH = YES;
				SDKROOT = iphoneos;
				SWIFT_COMPILATION_MODE = wholemodule;
				SWIFT_OPTIMIZATION_LEVEL = "-O";
				VALIDATE_PRODUCT = YES;
			};
			name = Release;
		};
		14AFB1DB28FF0DFC00C051E1 /* Debug */ = {
			isa = XCBuildConfiguration;
			buildSettings = {
				ASSETCATALOG_COMPILER_APPICON_NAME = AppIcon;
				ASSETCATALOG_COMPILER_GLOBAL_ACCENT_COLOR_NAME = AccentColor;
				CODE_SIGN_STYLE = Automatic;
				CURRENT_PROJECT_VERSION = 1;
				GENERATE_INFOPLIST_FILE = YES;
				INFOPLIST_FILE = ClothesRecommend_Brandi/Info.plist;
				INFOPLIST_KEY_UIApplicationSupportsIndirectInputEvents = YES;
				INFOPLIST_KEY_UILaunchStoryboardName = LaunchScreen;
				INFOPLIST_KEY_UIMainStoryboardFile = Main;
				INFOPLIST_KEY_UISupportedInterfaceOrientations_iPad = "UIInterfaceOrientationPortrait UIInterfaceOrientationPortraitUpsideDown UIInterfaceOrientationLandscapeLeft UIInterfaceOrientationLandscapeRight";
				INFOPLIST_KEY_UISupportedInterfaceOrientations_iPhone = "UIInterfaceOrientationPortrait UIInterfaceOrientationLandscapeLeft UIInterfaceOrientationLandscapeRight";
				LD_RUNPATH_SEARCH_PATHS = (
					"$(inherited)",
					"@executable_path/Frameworks",
				);
				MARKETING_VERSION = 1.0;
				PRODUCT_BUNDLE_IDENTIFIER = "com.inyoung.InSopt.ClothesRecommend-Brandi";
				PRODUCT_NAME = "$(TARGET_NAME)";
				SWIFT_EMIT_LOC_STRINGS = YES;
				SWIFT_VERSION = 5.0;
				TARGETED_DEVICE_FAMILY = "1,2";
			};
			name = Debug;
		};
		14AFB1DC28FF0DFC00C051E1 /* Release */ = {
			isa = XCBuildConfiguration;
			buildSettings = {
				ASSETCATALOG_COMPILER_APPICON_NAME = AppIcon;
				ASSETCATALOG_COMPILER_GLOBAL_ACCENT_COLOR_NAME = AccentColor;
				CODE_SIGN_STYLE = Automatic;
				CURRENT_PROJECT_VERSION = 1;
				GENERATE_INFOPLIST_FILE = YES;
				INFOPLIST_FILE = ClothesRecommend_Brandi/Info.plist;
				INFOPLIST_KEY_UIApplicationSupportsIndirectInputEvents = YES;
				INFOPLIST_KEY_UILaunchStoryboardName = LaunchScreen;
				INFOPLIST_KEY_UIMainStoryboardFile = Main;
				INFOPLIST_KEY_UISupportedInterfaceOrientations_iPad = "UIInterfaceOrientationPortrait UIInterfaceOrientationPortraitUpsideDown UIInterfaceOrientationLandscapeLeft UIInterfaceOrientationLandscapeRight";
				INFOPLIST_KEY_UISupportedInterfaceOrientations_iPhone = "UIInterfaceOrientationPortrait UIInterfaceOrientationLandscapeLeft UIInterfaceOrientationLandscapeRight";
				LD_RUNPATH_SEARCH_PATHS = (
					"$(inherited)",
					"@executable_path/Frameworks",
				);
				MARKETING_VERSION = 1.0;
				PRODUCT_BUNDLE_IDENTIFIER = "com.inyoung.InSopt.ClothesRecommend-Brandi";
				PRODUCT_NAME = "$(TARGET_NAME)";
				SWIFT_EMIT_LOC_STRINGS = YES;
				SWIFT_VERSION = 5.0;
				TARGETED_DEVICE_FAMILY = "1,2";
			};
			name = Release;
		};
/* End XCBuildConfiguration section */

/* Begin XCConfigurationList section */
		14AFB1C128FF0DFB00C051E1 /* Build configuration list for PBXProject "ClothesRecommend_Brandi" */ = {
			isa = XCConfigurationList;
			buildConfigurations = (
				14AFB1D828FF0DFC00C051E1 /* Debug */,
				14AFB1D928FF0DFC00C051E1 /* Release */,
			);
			defaultConfigurationIsVisible = 0;
			defaultConfigurationName = Release;
		};
		14AFB1DA28FF0DFC00C051E1 /* Build configuration list for PBXNativeTarget "ClothesRecommend_Brandi" */ = {
			isa = XCConfigurationList;
			buildConfigurations = (
				14AFB1DB28FF0DFC00C051E1 /* Debug */,
				14AFB1DC28FF0DFC00C051E1 /* Release */,
			);
			defaultConfigurationIsVisible = 0;
			defaultConfigurationName = Release;
		};
/* End XCConfigurationList section */

/* Begin XCRemoteSwiftPackageReference section */
		14AFB1DF28FF1B0A00C051E1 /* XCRemoteSwiftPackageReference "SnapKit" */ = {
			isa = XCRemoteSwiftPackageReference;
			repositoryURL = "https://github.com/SnapKit/SnapKit";
			requirement = {
				branch = develop;
				kind = branch;
			};
		};
		14AFB1E228FF1B6200C051E1 /* XCRemoteSwiftPackageReference "Then" */ = {
			isa = XCRemoteSwiftPackageReference;
			repositoryURL = "https://github.com/devxoul/Then";
			requirement = {
				kind = upToNextMajorVersion;
				minimumVersion = 3.0.0;
			};
		};
		14AFB1E528FF1B8100C051E1 /* XCRemoteSwiftPackageReference "SwiftyColor" */ = {
			isa = XCRemoteSwiftPackageReference;
			repositoryURL = "https://github.com/devxoul/SwiftyColor";
			requirement = {
				kind = upToNextMajorVersion;
				minimumVersion = 1.0.0;
			};
		};
/* End XCRemoteSwiftPackageReference section */

/* Begin XCSwiftPackageProductDependency section */
		14AFB1E028FF1B0A00C051E1 /* SnapKit */ = {
			isa = XCSwiftPackageProductDependency;
			package = 14AFB1DF28FF1B0A00C051E1 /* XCRemoteSwiftPackageReference "SnapKit" */;
			productName = SnapKit;
		};
		14AFB1E328FF1B6200C051E1 /* Then */ = {
			isa = XCSwiftPackageProductDependency;
			package = 14AFB1E228FF1B6200C051E1 /* XCRemoteSwiftPackageReference "Then" */;
			productName = Then;
		};
		14AFB1E628FF1B8100C051E1 /* SwiftyColor */ = {
			isa = XCSwiftPackageProductDependency;
			package = 14AFB1E528FF1B8100C051E1 /* XCRemoteSwiftPackageReference "SwiftyColor" */;
			productName = SwiftyColor;
		};
/* End XCSwiftPackageProductDependency section */
	};
	rootObject = 14AFB1BE28FF0DFB00C051E1 /* Project object */;
}
