// !$*UTF8*$!
{
	archiveVersion = 1;
	classes = {
	};
	objectVersion = 56;
	objects = {

/* Begin PBXBuildFile section */
		147385362956DF0D003480C2 /* AppDelegate.swift in Sources */ = {isa = PBXBuildFile; fileRef = 147385352956DF0D003480C2 /* AppDelegate.swift */; };
		147385382956DF0D003480C2 /* SceneDelegate.swift in Sources */ = {isa = PBXBuildFile; fileRef = 147385372956DF0D003480C2 /* SceneDelegate.swift */; };
		1473853A2956DF0D003480C2 /* ViewController.swift in Sources */ = {isa = PBXBuildFile; fileRef = 147385392956DF0D003480C2 /* ViewController.swift */; };
		1473853D2956DF0D003480C2 /* Main.storyboard in Resources */ = {isa = PBXBuildFile; fileRef = 1473853B2956DF0D003480C2 /* Main.storyboard */; };
		1473853F2956DF0F003480C2 /* Assets.xcassets in Resources */ = {isa = PBXBuildFile; fileRef = 1473853E2956DF0F003480C2 /* Assets.xcassets */; };
		147385422956DF0F003480C2 /* LaunchScreen.storyboard in Resources */ = {isa = PBXBuildFile; fileRef = 147385402956DF0F003480C2 /* LaunchScreen.storyboard */; };
		147385542956EF1E003480C2 /* MainViewController.swift in Sources */ = {isa = PBXBuildFile; fileRef = 147385532956EF1E003480C2 /* MainViewController.swift */; };
		147385572956F018003480C2 /* SnapKit in Frameworks */ = {isa = PBXBuildFile; productRef = 147385562956F018003480C2 /* SnapKit */; };
		1473855A2956F023003480C2 /* Then in Frameworks */ = {isa = PBXBuildFile; productRef = 147385592956F023003480C2 /* Then */; };
		1473855C2956F2D5003480C2 /* MenuTabCollectionViewCell.swift in Sources */ = {isa = PBXBuildFile; fileRef = 1473855B2956F2D5003480C2 /* MenuTabCollectionViewCell.swift */; };
		147F6603295C2462002333C7 /* addSubviews.swift in Sources */ = {isa = PBXBuildFile; fileRef = 147F6602295C2462002333C7 /* addSubviews.swift */; };
		147F6607295C2AE2002333C7 /* FirstViewController.swift in Sources */ = {isa = PBXBuildFile; fileRef = 147F6606295C2AE2002333C7 /* FirstViewController.swift */; };
		147F6609295C2BB1002333C7 /* SecondViewController.swift in Sources */ = {isa = PBXBuildFile; fileRef = 147F6608295C2BB1002333C7 /* SecondViewController.swift */; };
/* End PBXBuildFile section */

/* Begin PBXFileReference section */
		147385322956DF0D003480C2 /* ViewPager-Swift.app */ = {isa = PBXFileReference; explicitFileType = wrapper.application; includeInIndex = 0; path = "ViewPager-Swift.app"; sourceTree = BUILT_PRODUCTS_DIR; };
		147385352956DF0D003480C2 /* AppDelegate.swift */ = {isa = PBXFileReference; lastKnownFileType = sourcecode.swift; path = AppDelegate.swift; sourceTree = "<group>"; };
		147385372956DF0D003480C2 /* SceneDelegate.swift */ = {isa = PBXFileReference; lastKnownFileType = sourcecode.swift; path = SceneDelegate.swift; sourceTree = "<group>"; };
		147385392956DF0D003480C2 /* ViewController.swift */ = {isa = PBXFileReference; lastKnownFileType = sourcecode.swift; path = ViewController.swift; sourceTree = "<group>"; };
		1473853C2956DF0D003480C2 /* Base */ = {isa = PBXFileReference; lastKnownFileType = file.storyboard; name = Base; path = Base.lproj/Main.storyboard; sourceTree = "<group>"; };
		1473853E2956DF0F003480C2 /* Assets.xcassets */ = {isa = PBXFileReference; lastKnownFileType = folder.assetcatalog; path = Assets.xcassets; sourceTree = "<group>"; };
		147385412956DF0F003480C2 /* Base */ = {isa = PBXFileReference; lastKnownFileType = file.storyboard; name = Base; path = Base.lproj/LaunchScreen.storyboard; sourceTree = "<group>"; };
		147385432956DF0F003480C2 /* Info.plist */ = {isa = PBXFileReference; lastKnownFileType = text.plist.xml; path = Info.plist; sourceTree = "<group>"; };
		147385532956EF1E003480C2 /* MainViewController.swift */ = {isa = PBXFileReference; lastKnownFileType = sourcecode.swift; path = MainViewController.swift; sourceTree = "<group>"; };
		1473855B2956F2D5003480C2 /* MenuTabCollectionViewCell.swift */ = {isa = PBXFileReference; lastKnownFileType = sourcecode.swift; path = MenuTabCollectionViewCell.swift; sourceTree = "<group>"; };
		147F6602295C2462002333C7 /* addSubviews.swift */ = {isa = PBXFileReference; lastKnownFileType = sourcecode.swift; path = addSubviews.swift; sourceTree = "<group>"; };
		147F6606295C2AE2002333C7 /* FirstViewController.swift */ = {isa = PBXFileReference; lastKnownFileType = sourcecode.swift; path = FirstViewController.swift; sourceTree = "<group>"; };
		147F6608295C2BB1002333C7 /* SecondViewController.swift */ = {isa = PBXFileReference; lastKnownFileType = sourcecode.swift; path = SecondViewController.swift; sourceTree = "<group>"; };
/* End PBXFileReference section */

/* Begin PBXFrameworksBuildPhase section */
		1473852F2956DF0D003480C2 /* Frameworks */ = {
			isa = PBXFrameworksBuildPhase;
			buildActionMask = 2147483647;
			files = (
				147385572956F018003480C2 /* SnapKit in Frameworks */,
				1473855A2956F023003480C2 /* Then in Frameworks */,
			);
			runOnlyForDeploymentPostprocessing = 0;
		};
/* End PBXFrameworksBuildPhase section */

/* Begin PBXGroup section */
		147385292956DF0D003480C2 = {
			isa = PBXGroup;
			children = (
				147385342956DF0D003480C2 /* ViewPager-Swift */,
				147385332956DF0D003480C2 /* Products */,
			);
			sourceTree = "<group>";
		};
		147385332956DF0D003480C2 /* Products */ = {
			isa = PBXGroup;
			children = (
				147385322956DF0D003480C2 /* ViewPager-Swift.app */,
			);
			name = Products;
			sourceTree = "<group>";
		};
		147385342956DF0D003480C2 /* ViewPager-Swift */ = {
			isa = PBXGroup;
			children = (
				1473854F2956EEA1003480C2 /* Screen */,
				1473854E2956EE99003480C2 /* Global */,
				147385392956DF0D003480C2 /* ViewController.swift */,
				1473853B2956DF0D003480C2 /* Main.storyboard */,
				1473853E2956DF0F003480C2 /* Assets.xcassets */,
				147385402956DF0F003480C2 /* LaunchScreen.storyboard */,
				147385432956DF0F003480C2 /* Info.plist */,
			);
			path = "ViewPager-Swift";
			sourceTree = "<group>";
		};
		1473854E2956EE99003480C2 /* Global */ = {
			isa = PBXGroup;
			children = (
				147385512956EEF0003480C2 /* Extension */,
				147385502956EEA9003480C2 /* Support */,
			);
			path = Global;
			sourceTree = "<group>";
		};
		1473854F2956EEA1003480C2 /* Screen */ = {
			isa = PBXGroup;
			children = (
				147385522956EF11003480C2 /* Main */,
			);
			path = Screen;
			sourceTree = "<group>";
		};
		147385502956EEA9003480C2 /* Support */ = {
			isa = PBXGroup;
			children = (
				147385372956DF0D003480C2 /* SceneDelegate.swift */,
				147385352956DF0D003480C2 /* AppDelegate.swift */,
			);
			path = Support;
			sourceTree = "<group>";
		};
		147385512956EEF0003480C2 /* Extension */ = {
			isa = PBXGroup;
			children = (
				147F6602295C2462002333C7 /* addSubviews.swift */,
			);
			path = Extension;
			sourceTree = "<group>";
		};
		147385522956EF11003480C2 /* Main */ = {
			isa = PBXGroup;
			children = (
				147385532956EF1E003480C2 /* MainViewController.swift */,
				1473855B2956F2D5003480C2 /* MenuTabCollectionViewCell.swift */,
				147F6606295C2AE2002333C7 /* FirstViewController.swift */,
				147F6608295C2BB1002333C7 /* SecondViewController.swift */,
			);
			path = Main;
			sourceTree = "<group>";
		};
/* End PBXGroup section */

/* Begin PBXNativeTarget section */
		147385312956DF0D003480C2 /* ViewPager-Swift */ = {
			isa = PBXNativeTarget;
			buildConfigurationList = 147385462956DF0F003480C2 /* Build configuration list for PBXNativeTarget "ViewPager-Swift" */;
			buildPhases = (
				1473852E2956DF0D003480C2 /* Sources */,
				1473852F2956DF0D003480C2 /* Frameworks */,
				147385302956DF0D003480C2 /* Resources */,
			);
			buildRules = (
			);
			dependencies = (
			);
			name = "ViewPager-Swift";
			packageProductDependencies = (
				147385562956F018003480C2 /* SnapKit */,
				147385592956F023003480C2 /* Then */,
			);
			productName = "ViewPager-Swift";
			productReference = 147385322956DF0D003480C2 /* ViewPager-Swift.app */;
			productType = "com.apple.product-type.application";
		};
/* End PBXNativeTarget section */

/* Begin PBXProject section */
		1473852A2956DF0D003480C2 /* Project object */ = {
			isa = PBXProject;
			attributes = {
				BuildIndependentTargetsInParallel = 1;
				LastSwiftUpdateCheck = 1400;
				LastUpgradeCheck = 1400;
				TargetAttributes = {
					147385312956DF0D003480C2 = {
						CreatedOnToolsVersion = 14.0.1;
					};
				};
			};
			buildConfigurationList = 1473852D2956DF0D003480C2 /* Build configuration list for PBXProject "ViewPager-Swift" */;
			compatibilityVersion = "Xcode 14.0";
			developmentRegion = en;
			hasScannedForEncodings = 0;
			knownRegions = (
				en,
				Base,
			);
			mainGroup = 147385292956DF0D003480C2;
			packageReferences = (
				147385552956F017003480C2 /* XCRemoteSwiftPackageReference "SnapKit" */,
				147385582956F023003480C2 /* XCRemoteSwiftPackageReference "Then" */,
			);
			productRefGroup = 147385332956DF0D003480C2 /* Products */;
			projectDirPath = "";
			projectRoot = "";
			targets = (
				147385312956DF0D003480C2 /* ViewPager-Swift */,
			);
		};
/* End PBXProject section */

/* Begin PBXResourcesBuildPhase section */
		147385302956DF0D003480C2 /* Resources */ = {
			isa = PBXResourcesBuildPhase;
			buildActionMask = 2147483647;
			files = (
				147385422956DF0F003480C2 /* LaunchScreen.storyboard in Resources */,
				1473853F2956DF0F003480C2 /* Assets.xcassets in Resources */,
				1473853D2956DF0D003480C2 /* Main.storyboard in Resources */,
			);
			runOnlyForDeploymentPostprocessing = 0;
		};
/* End PBXResourcesBuildPhase section */

/* Begin PBXSourcesBuildPhase section */
		1473852E2956DF0D003480C2 /* Sources */ = {
			isa = PBXSourcesBuildPhase;
			buildActionMask = 2147483647;
			files = (
				1473853A2956DF0D003480C2 /* ViewController.swift in Sources */,
				147F6603295C2462002333C7 /* addSubviews.swift in Sources */,
				147F6609295C2BB1002333C7 /* SecondViewController.swift in Sources */,
				147F6607295C2AE2002333C7 /* FirstViewController.swift in Sources */,
				1473855C2956F2D5003480C2 /* MenuTabCollectionViewCell.swift in Sources */,
				147385362956DF0D003480C2 /* AppDelegate.swift in Sources */,
				147385382956DF0D003480C2 /* SceneDelegate.swift in Sources */,
				147385542956EF1E003480C2 /* MainViewController.swift in Sources */,
			);
			runOnlyForDeploymentPostprocessing = 0;
		};
/* End PBXSourcesBuildPhase section */

/* Begin PBXVariantGroup section */
		1473853B2956DF0D003480C2 /* Main.storyboard */ = {
			isa = PBXVariantGroup;
			children = (
				1473853C2956DF0D003480C2 /* Base */,
			);
			name = Main.storyboard;
			sourceTree = "<group>";
		};
		147385402956DF0F003480C2 /* LaunchScreen.storyboard */ = {
			isa = PBXVariantGroup;
			children = (
				147385412956DF0F003480C2 /* Base */,
			);
			name = LaunchScreen.storyboard;
			sourceTree = "<group>";
		};
/* End PBXVariantGroup section */

/* Begin XCBuildConfiguration section */
		147385442956DF0F003480C2 /* Debug */ = {
			isa = XCBuildConfiguration;
			buildSettings = {
				ALWAYS_SEARCH_USER_PATHS = NO;
				CLANG_ANALYZER_NONNULL = YES;
				CLANG_ANALYZER_NUMBER_OBJECT_CONVERSION = YES_AGGRESSIVE;
				CLANG_CXX_LANGUAGE_STANDARD = "gnu++20";
				CLANG_ENABLE_MODULES = YES;
				CLANG_ENABLE_OBJC_ARC = YES;
				CLANG_ENABLE_OBJC_WEAK = YES;
				CLANG_WARN_BLOCK_CAPTURE_AUTORELEASING = YES;
				CLANG_WARN_BOOL_CONVERSION = YES;
				CLANG_WARN_COMMA = YES;
				CLANG_WARN_CONSTANT_CONVERSION = YES;
				CLANG_WARN_DEPRECATED_OBJC_IMPLEMENTATIONS = YES;
				CLANG_WARN_DIRECT_OBJC_ISA_USAGE = YES_ERROR;
				CLANG_WARN_DOCUMENTATION_COMMENTS = YES;
				CLANG_WARN_EMPTY_BODY = YES;
				CLANG_WARN_ENUM_CONVERSION = YES;
				CLANG_WARN_INFINITE_RECURSION = YES;
				CLANG_WARN_INT_CONVERSION = YES;
				CLANG_WARN_NON_LITERAL_NULL_CONVERSION = YES;
				CLANG_WARN_OBJC_IMPLICIT_RETAIN_SELF = YES;
				CLANG_WARN_OBJC_LITERAL_CONVERSION = YES;
				CLANG_WARN_OBJC_ROOT_CLASS = YES_ERROR;
				CLANG_WARN_QUOTED_INCLUDE_IN_FRAMEWORK_HEADER = YES;
				CLANG_WARN_RANGE_LOOP_ANALYSIS = YES;
				CLANG_WARN_STRICT_PROTOTYPES = YES;
				CLANG_WARN_SUSPICIOUS_MOVE = YES;
				CLANG_WARN_UNGUARDED_AVAILABILITY = YES_AGGRESSIVE;
				CLANG_WARN_UNREACHABLE_CODE = YES;
				CLANG_WARN__DUPLICATE_METHOD_MATCH = YES;
				COPY_PHASE_STRIP = NO;
				DEBUG_INFORMATION_FORMAT = dwarf;
				ENABLE_STRICT_OBJC_MSGSEND = YES;
				ENABLE_TESTABILITY = YES;
				GCC_C_LANGUAGE_STANDARD = gnu11;
				GCC_DYNAMIC_NO_PIC = NO;
				GCC_NO_COMMON_BLOCKS = YES;
				GCC_OPTIMIZATION_LEVEL = 0;
				GCC_PREPROCESSOR_DEFINITIONS = (
					"DEBUG=1",
					"$(inherited)",
				);
				GCC_WARN_64_TO_32_BIT_CONVERSION = YES;
				GCC_WARN_ABOUT_RETURN_TYPE = YES_ERROR;
				GCC_WARN_UNDECLARED_SELECTOR = YES;
				GCC_WARN_UNINITIALIZED_AUTOS = YES_AGGRESSIVE;
				GCC_WARN_UNUSED_FUNCTION = YES;
				GCC_WARN_UNUSED_VARIABLE = YES;
				IPHONEOS_DEPLOYMENT_TARGET = 16.0;
				MTL_ENABLE_DEBUG_INFO = INCLUDE_SOURCE;
				MTL_FAST_MATH = YES;
				ONLY_ACTIVE_ARCH = YES;
				SDKROOT = iphoneos;
				SWIFT_ACTIVE_COMPILATION_CONDITIONS = DEBUG;
				SWIFT_OPTIMIZATION_LEVEL = "-Onone";
			};
			name = Debug;
		};
		147385452956DF0F003480C2 /* Release */ = {
			isa = XCBuildConfiguration;
			buildSettings = {
				ALWAYS_SEARCH_USER_PATHS = NO;
				CLANG_ANALYZER_NONNULL = YES;
				CLANG_ANALYZER_NUMBER_OBJECT_CONVERSION = YES_AGGRESSIVE;
				CLANG_CXX_LANGUAGE_STANDARD = "gnu++20";
				CLANG_ENABLE_MODULES = YES;
				CLANG_ENABLE_OBJC_ARC = YES;
				CLANG_ENABLE_OBJC_WEAK = YES;
				CLANG_WARN_BLOCK_CAPTURE_AUTORELEASING = YES;
				CLANG_WARN_BOOL_CONVERSION = YES;
				CLANG_WARN_COMMA = YES;
				CLANG_WARN_CONSTANT_CONVERSION = YES;
				CLANG_WARN_DEPRECATED_OBJC_IMPLEMENTATIONS = YES;
				CLANG_WARN_DIRECT_OBJC_ISA_USAGE = YES_ERROR;
				CLANG_WARN_DOCUMENTATION_COMMENTS = YES;
				CLANG_WARN_EMPTY_BODY = YES;
				CLANG_WARN_ENUM_CONVERSION = YES;
				CLANG_WARN_INFINITE_RECURSION = YES;
				CLANG_WARN_INT_CONVERSION = YES;
				CLANG_WARN_NON_LITERAL_NULL_CONVERSION = YES;
				CLANG_WARN_OBJC_IMPLICIT_RETAIN_SELF = YES;
				CLANG_WARN_OBJC_LITERAL_CONVERSION = YES;
				CLANG_WARN_OBJC_ROOT_CLASS = YES_ERROR;
				CLANG_WARN_QUOTED_INCLUDE_IN_FRAMEWORK_HEADER = YES;
				CLANG_WARN_RANGE_LOOP_ANALYSIS = YES;
				CLANG_WARN_STRICT_PROTOTYPES = YES;
				CLANG_WARN_SUSPICIOUS_MOVE = YES;
				CLANG_WARN_UNGUARDED_AVAILABILITY = YES_AGGRESSIVE;
				CLANG_WARN_UNREACHABLE_CODE = YES;
				CLANG_WARN__DUPLICATE_METHOD_MATCH = YES;
				COPY_PHASE_STRIP = NO;
				DEBUG_INFORMATION_FORMAT = "dwarf-with-dsym";
				ENABLE_NS_ASSERTIONS = NO;
				ENABLE_STRICT_OBJC_MSGSEND = YES;
				GCC_C_LANGUAGE_STANDARD = gnu11;
				GCC_NO_COMMON_BLOCKS = YES;
				GCC_WARN_64_TO_32_BIT_CONVERSION = YES;
				GCC_WARN_ABOUT_RETURN_TYPE = YES_ERROR;
				GCC_WARN_UNDECLARED_SELECTOR = YES;
				GCC_WARN_UNINITIALIZED_AUTOS = YES_AGGRESSIVE;
				GCC_WARN_UNUSED_FUNCTION = YES;
				GCC_WARN_UNUSED_VARIABLE = YES;
				IPHONEOS_DEPLOYMENT_TARGET = 16.0;
				MTL_ENABLE_DEBUG_INFO = NO;
				MTL_FAST_MATH = YES;
				SDKROOT = iphoneos;
				SWIFT_COMPILATION_MODE = wholemodule;
				SWIFT_OPTIMIZATION_LEVEL = "-O";
				VALIDATE_PRODUCT = YES;
			};
			name = Release;
		};
		147385472956DF0F003480C2 /* Debug */ = {
			isa = XCBuildConfiguration;
			buildSettings = {
				ASSETCATALOG_COMPILER_APPICON_NAME = AppIcon;
				ASSETCATALOG_COMPILER_GLOBAL_ACCENT_COLOR_NAME = AccentColor;
				CODE_SIGN_STYLE = Automatic;
				CURRENT_PROJECT_VERSION = 1;
				GENERATE_INFOPLIST_FILE = YES;
				INFOPLIST_FILE = "ViewPager-Swift/Info.plist";
				INFOPLIST_KEY_UIApplicationSupportsIndirectInputEvents = YES;
				INFOPLIST_KEY_UILaunchStoryboardName = LaunchScreen;
				INFOPLIST_KEY_UIMainStoryboardFile = Main;
				INFOPLIST_KEY_UISupportedInterfaceOrientations_iPad = "UIInterfaceOrientationPortrait UIInterfaceOrientationPortraitUpsideDown UIInterfaceOrientationLandscapeLeft UIInterfaceOrientationLandscapeRight";
				INFOPLIST_KEY_UISupportedInterfaceOrientations_iPhone = "UIInterfaceOrientationPortrait UIInterfaceOrientationLandscapeLeft UIInterfaceOrientationLandscapeRight";
				LD_RUNPATH_SEARCH_PATHS = (
					"$(inherited)",
					"@executable_path/Frameworks",
				);
				MARKETING_VERSION = 1.0;
				PRODUCT_BUNDLE_IDENTIFIER = "com.inyoung.InSopt.ViewPager-Swift";
				PRODUCT_NAME = "$(TARGET_NAME)";
				SWIFT_EMIT_LOC_STRINGS = YES;
				SWIFT_VERSION = 5.0;
				TARGETED_DEVICE_FAMILY = "1,2";
			};
			name = Debug;
		};
		147385482956DF0F003480C2 /* Release */ = {
			isa = XCBuildConfiguration;
			buildSettings = {
				ASSETCATALOG_COMPILER_APPICON_NAME = AppIcon;
				ASSETCATALOG_COMPILER_GLOBAL_ACCENT_COLOR_NAME = AccentColor;
				CODE_SIGN_STYLE = Automatic;
				CURRENT_PROJECT_VERSION = 1;
				GENERATE_INFOPLIST_FILE = YES;
				INFOPLIST_FILE = "ViewPager-Swift/Info.plist";
				INFOPLIST_KEY_UIApplicationSupportsIndirectInputEvents = YES;
				INFOPLIST_KEY_UILaunchStoryboardName = LaunchScreen;
				INFOPLIST_KEY_UIMainStoryboardFile = Main;
				INFOPLIST_KEY_UISupportedInterfaceOrientations_iPad = "UIInterfaceOrientationPortrait UIInterfaceOrientationPortraitUpsideDown UIInterfaceOrientationLandscapeLeft UIInterfaceOrientationLandscapeRight";
				INFOPLIST_KEY_UISupportedInterfaceOrientations_iPhone = "UIInterfaceOrientationPortrait UIInterfaceOrientationLandscapeLeft UIInterfaceOrientationLandscapeRight";
				LD_RUNPATH_SEARCH_PATHS = (
					"$(inherited)",
					"@executable_path/Frameworks",
				);
				MARKETING_VERSION = 1.0;
				PRODUCT_BUNDLE_IDENTIFIER = "com.inyoung.InSopt.ViewPager-Swift";
				PRODUCT_NAME = "$(TARGET_NAME)";
				SWIFT_EMIT_LOC_STRINGS = YES;
				SWIFT_VERSION = 5.0;
				TARGETED_DEVICE_FAMILY = "1,2";
			};
			name = Release;
		};
/* End XCBuildConfiguration section */

/* Begin XCConfigurationList section */
		1473852D2956DF0D003480C2 /* Build configuration list for PBXProject "ViewPager-Swift" */ = {
			isa = XCConfigurationList;
			buildConfigurations = (
				147385442956DF0F003480C2 /* Debug */,
				147385452956DF0F003480C2 /* Release */,
			);
			defaultConfigurationIsVisible = 0;
			defaultConfigurationName = Release;
		};
		147385462956DF0F003480C2 /* Build configuration list for PBXNativeTarget "ViewPager-Swift" */ = {
			isa = XCConfigurationList;
			buildConfigurations = (
				147385472956DF0F003480C2 /* Debug */,
				147385482956DF0F003480C2 /* Release */,
			);
			defaultConfigurationIsVisible = 0;
			defaultConfigurationName = Release;
		};
/* End XCConfigurationList section */

/* Begin XCRemoteSwiftPackageReference section */
		147385552956F017003480C2 /* XCRemoteSwiftPackageReference "SnapKit" */ = {
			isa = XCRemoteSwiftPackageReference;
			repositoryURL = "https://github.com/SnapKit/SnapKit";
			requirement = {
				branch = develop;
				kind = branch;
			};
		};
		147385582956F023003480C2 /* XCRemoteSwiftPackageReference "Then" */ = {
			isa = XCRemoteSwiftPackageReference;
			repositoryURL = "https://github.com/devxoul/Then";
			requirement = {
				branch = master;
				kind = branch;
			};
		};
/* End XCRemoteSwiftPackageReference section */

/* Begin XCSwiftPackageProductDependency section */
		147385562956F018003480C2 /* SnapKit */ = {
			isa = XCSwiftPackageProductDependency;
			package = 147385552956F017003480C2 /* XCRemoteSwiftPackageReference "SnapKit" */;
			productName = SnapKit;
		};
		147385592956F023003480C2 /* Then */ = {
			isa = XCSwiftPackageProductDependency;
			package = 147385582956F023003480C2 /* XCRemoteSwiftPackageReference "Then" */;
			productName = Then;
		};
/* End XCSwiftPackageProductDependency section */
	};
	rootObject = 1473852A2956DF0D003480C2 /* Project object */;
}
